// !$*UTF8*$!
{
	archiveVersion = 1;
	classes = {
	};
	objectVersion = 77;
	objects = {

/* Begin PBXBuildFile section */
		0075B0E3CF0E786F9D22AFFF /* APIClient.swift in Sources */ = {isa = PBXBuildFile; fileRef = BC66ACF7FB394ECB319166C3 /* APIClient.swift */; };
		1938BBAFBE0B05D0BB9E7471 /* DTOTests.swift in Sources */ = {isa = PBXBuildFile; fileRef = FD55A1626F478A9D5D1A0861 /* DTOTests.swift */; };
		1B9CF10D96ED6BE26D2D7742 /* PrivacyInfo.xcprivacy in Resources */ = {isa = PBXBuildFile; fileRef = 8D54275FD3C78205F883D9A0 /* PrivacyInfo.xcprivacy */; };
		309307436B8EE156A6673AA2 /* PrimaryButton.swift in Sources */ = {isa = PBXBuildFile; fileRef = 2F5420FC0962C00F11FFCD65 /* PrimaryButton.swift */; };
		3B26567CF080FB300019E7A8 /* Auth in Frameworks */ = {isa = PBXBuildFile; productRef = B1DA3D9245AAF15DFFD8CA8F /* Auth */; };
		4AEFC85D03F8ED25B641E430 /* SessionSummary.swift in Sources */ = {isa = PBXBuildFile; fileRef = 19832BC95D12C1DCBEFF10E9 /* SessionSummary.swift */; };
		4D6EC5DA1233E3B74ADD20B9 /* TagLink.swift in Sources */ = {isa = PBXBuildFile; fileRef = F3F970AC02F39C7E9D8ABCBF /* TagLink.swift */; };
		4E515B6705D782738E6250A1 /* BootstrapResponse.swift in Sources */ = {isa = PBXBuildFile; fileRef = 33EBC4692A4BFF21FC0FCA28 /* BootstrapResponse.swift */; };
		4F9AF0046553808E8C5030BD /* ContentView.swift in Sources */ = {isa = PBXBuildFile; fileRef = 1E3845D9E0CE58A2749D16DF /* ContentView.swift */; };
		4FF2547C2EF53854366AC3A1 /* ColorHexTests.swift in Sources */ = {isa = PBXBuildFile; fileRef = CF7B9170FFCF2B3FBDF4A2F0 /* ColorHexTests.swift */; };
		50892766C4CFC62D0B93452B /* Color+Hex.swift in Sources */ = {isa = PBXBuildFile; fileRef = 45FB518781BA996FB7400814 /* Color+Hex.swift */; };
		750CEBE3A0D07E711D31D94F /* InlineBanner.swift in Sources */ = {isa = PBXBuildFile; fileRef = 13D8C4AC64870FF3423C494F /* InlineBanner.swift */; };
		8670A7D07F79AE8232169234 /* AppConfig.swift in Sources */ = {isa = PBXBuildFile; fileRef = B577EC22237E86AA0F3755B7 /* AppConfig.swift */; };
		8F24875EC54A33CC1C089F64 /* ErrorEnvelope.swift in Sources */ = {isa = PBXBuildFile; fileRef = D922539BB579EDDA0F7747CD /* ErrorEnvelope.swift */; };
		9B358A72607B4F450BF64E0C /* APIError.swift in Sources */ = {isa = PBXBuildFile; fileRef = A358100432569849D383D8E8 /* APIError.swift */; };
		9E4947346E28638E0FA99C6A /* TagLinkTests.swift in Sources */ = {isa = PBXBuildFile; fileRef = C969EE52D1CA2B5138D6E1A6 /* TagLinkTests.swift */; };
		A82CD4C097FBBD45ACE7BB6E /* APIClientTests.swift in Sources */ = {isa = PBXBuildFile; fileRef = 7D79A89B3E91A0F18C9E8DBC /* APIClientTests.swift */; };
		B588B97987FD269D81E3CCED /* Card.swift in Sources */ = {isa = PBXBuildFile; fileRef = 36E18F6CFDF1DABC8AD02A99 /* Card.swift */; };
		B8218DBF6B9B3168086F00E6 /* JSONValue.swift in Sources */ = {isa = PBXBuildFile; fileRef = E82F1E9C17FC9A2A3742B15D /* JSONValue.swift */; };
		C0D21B900231DB8BC9A5323E /* DesignSystem.swift in Sources */ = {isa = PBXBuildFile; fileRef = 33E48EE365B2AEEBD3FCBC2E /* DesignSystem.swift */; };
		C646BDD9DDB5825D52BF9AFA /* LabeledField.swift in Sources */ = {isa = PBXBuildFile; fileRef = 58D512A8A7F6C5D60CF41B25 /* LabeledField.swift */; };
		CFADE9B7B1518A3F6DF0E7E7 /* ExerciseProgress.swift in Sources */ = {isa = PBXBuildFile; fileRef = 22E2DF311877D3BA39FFA5D5 /* ExerciseProgress.swift */; };
		D7EE3E0F56383A33915BEAC1 /* AppConfigTests.swift in Sources */ = {isa = PBXBuildFile; fileRef = D78C8636341914B90296B220 /* AppConfigTests.swift */; };
		E2ECF1FE835571FFD6617303 /* SecondaryButton.swift in Sources */ = {isa = PBXBuildFile; fileRef = C5F6D81AFCBEAE0F2AAF9BAC /* SecondaryButton.swift */; };
		EE50C11A23D706E757F7645D /* FitnessMemberApp.swift in Sources */ = {isa = PBXBuildFile; fileRef = 39B7B340D20BD85FE3AF612F /* FitnessMemberApp.swift */; };
		F7EE8A3131BCD293674276A2 /* WorkoutSet.swift in Sources */ = {isa = PBXBuildFile; fileRef = ACA345A636C594A2D95A59FD /* WorkoutSet.swift */; };
		F9DAC3407A000DEDA7092660 /* Chip.swift in Sources */ = {isa = PBXBuildFile; fileRef = 1B227508179FE62A4DAA06A0 /* Chip.swift */; };
		FAFEECC2A710C4BF9D601BD2 /* TagContextResponse.swift in Sources */ = {isa = PBXBuildFile; fileRef = 8A0756570D91BAD9173DC82B /* TagContextResponse.swift */; };
/* End PBXBuildFile section */

/* Begin PBXContainerItemProxy section */
		11ED7D57F8C08EB7BD565980 /* PBXContainerItemProxy */ = {
			isa = PBXContainerItemProxy;
			containerPortal = 54C11DA5C006FC9D730A1CC2 /* Project object */;
			proxyType = 1;
			remoteGlobalIDString = 0DD075A55A1736CFF9490B08;
			remoteInfo = FitnessMember;
		};
/* End PBXContainerItemProxy section */

/* Begin PBXFileReference section */
		04D2DE954DD4A21DF9C0C586 /* Config.xcconfig */ = {isa = PBXFileReference; lastKnownFileType = text.xcconfig; path = Config.xcconfig; sourceTree = "<group>"; };
		13D8C4AC64870FF3423C494F /* InlineBanner.swift */ = {isa = PBXFileReference; lastKnownFileType = sourcecode.swift; path = InlineBanner.swift; sourceTree = "<group>"; };
		19832BC95D12C1DCBEFF10E9 /* SessionSummary.swift */ = {isa = PBXFileReference; lastKnownFileType = sourcecode.swift; path = SessionSummary.swift; sourceTree = "<group>"; };
		1B227508179FE62A4DAA06A0 /* Chip.swift */ = {isa = PBXFileReference; lastKnownFileType = sourcecode.swift; path = Chip.swift; sourceTree = "<group>"; };
		1E3845D9E0CE58A2749D16DF /* ContentView.swift */ = {isa = PBXFileReference; lastKnownFileType = sourcecode.swift; path = ContentView.swift; sourceTree = "<group>"; };
		22E2DF311877D3BA39FFA5D5 /* ExerciseProgress.swift */ = {isa = PBXFileReference; lastKnownFileType = sourcecode.swift; path = ExerciseProgress.swift; sourceTree = "<group>"; };
		2F5420FC0962C00F11FFCD65 /* PrimaryButton.swift */ = {isa = PBXFileReference; lastKnownFileType = sourcecode.swift; path = PrimaryButton.swift; sourceTree = "<group>"; };
		33E48EE365B2AEEBD3FCBC2E /* DesignSystem.swift */ = {isa = PBXFileReference; lastKnownFileType = sourcecode.swift; path = DesignSystem.swift; sourceTree = "<group>"; };
		33EBC4692A4BFF21FC0FCA28 /* BootstrapResponse.swift */ = {isa = PBXFileReference; lastKnownFileType = sourcecode.swift; path = BootstrapResponse.swift; sourceTree = "<group>"; };
		36E18F6CFDF1DABC8AD02A99 /* Card.swift */ = {isa = PBXFileReference; lastKnownFileType = sourcecode.swift; path = Card.swift; sourceTree = "<group>"; };
		39B7B340D20BD85FE3AF612F /* FitnessMemberApp.swift */ = {isa = PBXFileReference; lastKnownFileType = sourcecode.swift; path = FitnessMemberApp.swift; sourceTree = "<group>"; };
		3B16A62990D2DCAE39041199 /* FitnessMemberTests.xctest */ = {isa = PBXFileReference; includeInIndex = 0; lastKnownFileType = wrapper.cfbundle; path = FitnessMemberTests.xctest; sourceTree = BUILT_PRODUCTS_DIR; };
		45FB518781BA996FB7400814 /* Color+Hex.swift */ = {isa = PBXFileReference; lastKnownFileType = sourcecode.swift; path = "Color+Hex.swift"; sourceTree = "<group>"; };
		58D512A8A7F6C5D60CF41B25 /* LabeledField.swift */ = {isa = PBXFileReference; lastKnownFileType = sourcecode.swift; path = LabeledField.swift; sourceTree = "<group>"; };
		5F603D042C4DE6ADD6D6A2CC /* FitnessMember.app */ = {isa = PBXFileReference; includeInIndex = 0; lastKnownFileType = wrapper.application; path = FitnessMember.app; sourceTree = BUILT_PRODUCTS_DIR; };
		7D79A89B3E91A0F18C9E8DBC /* APIClientTests.swift */ = {isa = PBXFileReference; lastKnownFileType = sourcecode.swift; path = APIClientTests.swift; sourceTree = "<group>"; };
		8A0756570D91BAD9173DC82B /* TagContextResponse.swift */ = {isa = PBXFileReference; lastKnownFileType = sourcecode.swift; path = TagContextResponse.swift; sourceTree = "<group>"; };
		8D54275FD3C78205F883D9A0 /* PrivacyInfo.xcprivacy */ = {isa = PBXFileReference; path = PrivacyInfo.xcprivacy; sourceTree = "<group>"; };
		943C19386AFE9634615213ED /* Info-Additions.plist */ = {isa = PBXFileReference; lastKnownFileType = text.plist; path = "Info-Additions.plist"; sourceTree = "<group>"; };
		A358100432569849D383D8E8 /* APIError.swift */ = {isa = PBXFileReference; lastKnownFileType = sourcecode.swift; path = APIError.swift; sourceTree = "<group>"; };
		ACA345A636C594A2D95A59FD /* WorkoutSet.swift */ = {isa = PBXFileReference; lastKnownFileType = sourcecode.swift; path = WorkoutSet.swift; sourceTree = "<group>"; };
		B577EC22237E86AA0F3755B7 /* AppConfig.swift */ = {isa = PBXFileReference; lastKnownFileType = sourcecode.swift; path = AppConfig.swift; sourceTree = "<group>"; };
		BC66ACF7FB394ECB319166C3 /* APIClient.swift */ = {isa = PBXFileReference; lastKnownFileType = sourcecode.swift; path = APIClient.swift; sourceTree = "<group>"; };
		C5F6D81AFCBEAE0F2AAF9BAC /* SecondaryButton.swift */ = {isa = PBXFileReference; lastKnownFileType = sourcecode.swift; path = SecondaryButton.swift; sourceTree = "<group>"; };
		C969EE52D1CA2B5138D6E1A6 /* TagLinkTests.swift */ = {isa = PBXFileReference; lastKnownFileType = sourcecode.swift; path = TagLinkTests.swift; sourceTree = "<group>"; };
		CF7B9170FFCF2B3FBDF4A2F0 /* ColorHexTests.swift */ = {isa = PBXFileReference; lastKnownFileType = sourcecode.swift; path = ColorHexTests.swift; sourceTree = "<group>"; };
		D78C8636341914B90296B220 /* AppConfigTests.swift */ = {isa = PBXFileReference; lastKnownFileType = sourcecode.swift; path = AppConfigTests.swift; sourceTree = "<group>"; };
		D922539BB579EDDA0F7747CD /* ErrorEnvelope.swift */ = {isa = PBXFileReference; lastKnownFileType = sourcecode.swift; path = ErrorEnvelope.swift; sourceTree = "<group>"; };
		E82F1E9C17FC9A2A3742B15D /* JSONValue.swift */ = {isa = PBXFileReference; lastKnownFileType = sourcecode.swift; path = JSONValue.swift; sourceTree = "<group>"; };
		EAEDFB14623AE11C1FD67B11 /* FitnessMember.entitlements */ = {isa = PBXFileReference; lastKnownFileType = text.plist.entitlements; path = FitnessMember.entitlements; sourceTree = "<group>"; };
		F3F970AC02F39C7E9D8ABCBF /* TagLink.swift */ = {isa = PBXFileReference; lastKnownFileType = sourcecode.swift; path = TagLink.swift; sourceTree = "<group>"; };
		FD55A1626F478A9D5D1A0861 /* DTOTests.swift */ = {isa = PBXFileReference; lastKnownFileType = sourcecode.swift; path = DTOTests.swift; sourceTree = "<group>"; };
/* End PBXFileReference section */

/* Begin PBXFrameworksBuildPhase section */
		979A6BA57914340C5F1C8030 /* Frameworks */ = {
			isa = PBXFrameworksBuildPhase;
			buildActionMask = 2147483647;
			files = (
				3B26567CF080FB300019E7A8 /* Auth in Frameworks */,
			);
			runOnlyForDeploymentPostprocessing = 0;
		};
/* End PBXFrameworksBuildPhase section */

/* Begin PBXGroup section */
		1DB65EF52280A0A517AC2743 /* FitnessMember */ = {
			isa = PBXGroup;
			children = (
				B577EC22237E86AA0F3755B7 /* AppConfig.swift */,
				1E3845D9E0CE58A2749D16DF /* ContentView.swift */,
				EAEDFB14623AE11C1FD67B11 /* FitnessMember.entitlements */,
				39B7B340D20BD85FE3AF612F /* FitnessMemberApp.swift */,
				943C19386AFE9634615213ED /* Info-Additions.plist */,
				8D54275FD3C78205F883D9A0 /* PrivacyInfo.xcprivacy */,
				F3F970AC02F39C7E9D8ABCBF /* TagLink.swift */,
				3D587B3467DABB2C3AEB6B79 /* DesignSystem */,
				241523A827CF62B9D90609CA /* Networking */,
			);
			path = FitnessMember;
			sourceTree = "<group>";
		};
		241523A827CF62B9D90609CA /* Networking */ = {
			isa = PBXGroup;
			children = (
				BC66ACF7FB394ECB319166C3 /* APIClient.swift */,
				A358100432569849D383D8E8 /* APIError.swift */,
				E82F1E9C17FC9A2A3742B15D /* JSONValue.swift */,
				5991BF73BA4A3CFBC57907D9 /* DTOs */,
			);
			path = Networking;
			sourceTree = "<group>";
		};
		357291D6F6BF9120FA400FC6 = {
			isa = PBXGroup;
			children = (
				1DB65EF52280A0A517AC2743 /* FitnessMember */,
				5D15656A46C8A3FB04179564 /* FitnessMemberTests */,
				FF747D7359045865244B6B44 /* ios-member */,
				6ACF2B4F288088F952BEE1EA /* Products */,
			);
			sourceTree = "<group>";
		};
		3D587B3467DABB2C3AEB6B79 /* DesignSystem */ = {
			isa = PBXGroup;
			children = (
				45FB518781BA996FB7400814 /* Color+Hex.swift */,
				33E48EE365B2AEEBD3FCBC2E /* DesignSystem.swift */,
				413B8EEC7637B74CCF75A59E /* Components */,
			);
			path = DesignSystem;
			sourceTree = "<group>";
		};
		413B8EEC7637B74CCF75A59E /* Components */ = {
			isa = PBXGroup;
			children = (
				36E18F6CFDF1DABC8AD02A99 /* Card.swift */,
				1B227508179FE62A4DAA06A0 /* Chip.swift */,
				13D8C4AC64870FF3423C494F /* InlineBanner.swift */,
				58D512A8A7F6C5D60CF41B25 /* LabeledField.swift */,
				2F5420FC0962C00F11FFCD65 /* PrimaryButton.swift */,
				C5F6D81AFCBEAE0F2AAF9BAC /* SecondaryButton.swift */,
			);
			path = Components;
			sourceTree = "<group>";
		};
		5991BF73BA4A3CFBC57907D9 /* DTOs */ = {
			isa = PBXGroup;
			children = (
				33EBC4692A4BFF21FC0FCA28 /* BootstrapResponse.swift */,
				D922539BB579EDDA0F7747CD /* ErrorEnvelope.swift */,
				22E2DF311877D3BA39FFA5D5 /* ExerciseProgress.swift */,
				19832BC95D12C1DCBEFF10E9 /* SessionSummary.swift */,
				8A0756570D91BAD9173DC82B /* TagContextResponse.swift */,
				ACA345A636C594A2D95A59FD /* WorkoutSet.swift */,
			);
			path = DTOs;
			sourceTree = "<group>";
		};
		5D15656A46C8A3FB04179564 /* FitnessMemberTests */ = {
			isa = PBXGroup;
			children = (
				7D79A89B3E91A0F18C9E8DBC /* APIClientTests.swift */,
				D78C8636341914B90296B220 /* AppConfigTests.swift */,
				CF7B9170FFCF2B3FBDF4A2F0 /* ColorHexTests.swift */,
				FD55A1626F478A9D5D1A0861 /* DTOTests.swift */,
				C969EE52D1CA2B5138D6E1A6 /* TagLinkTests.swift */,
			);
			path = FitnessMemberTests;
			sourceTree = "<group>";
		};
		6ACF2B4F288088F952BEE1EA /* Products */ = {
			isa = PBXGroup;
			children = (
				5F603D042C4DE6ADD6D6A2CC /* FitnessMember.app */,
				3B16A62990D2DCAE39041199 /* FitnessMemberTests.xctest */,
			);
			name = Products;
			sourceTree = "<group>";
		};
		FF747D7359045865244B6B44 /* ios-member */ = {
			isa = PBXGroup;
			children = (
				04D2DE954DD4A21DF9C0C586 /* Config.xcconfig */,
			);
			name = "ios-member";
			path = .;
			sourceTree = "<group>";
		};
/* End PBXGroup section */

/* Begin PBXNativeTarget section */
		0B298DC6FF498B0E70803F88 /* FitnessMemberTests */ = {
			isa = PBXNativeTarget;
			buildConfigurationList = 4E18C08D77ABFDA3AF448760 /* Build configuration list for PBXNativeTarget "FitnessMemberTests" */;
			buildPhases = (
				71E31BC7676AFA5113CDB0A5 /* Sources */,
			);
			buildRules = (
			);
			dependencies = (
				1A3638D20273FA6C55B30596 /* PBXTargetDependency */,
			);
			name = FitnessMemberTests;
			packageProductDependencies = (
			);
			productName = FitnessMemberTests;
			productReference = 3B16A62990D2DCAE39041199 /* FitnessMemberTests.xctest */;
			productType = "com.apple.product-type.bundle.unit-test";
		};
		0DD075A55A1736CFF9490B08 /* FitnessMember */ = {
			isa = PBXNativeTarget;
			buildConfigurationList = BB9BCDEC5F8236F277F2DB9C /* Build configuration list for PBXNativeTarget "FitnessMember" */;
			buildPhases = (
				593FDBDB1AA2D195AD2390B8 /* Sources */,
				302D1A1B285BA6468CE42B68 /* Resources */,
				979A6BA57914340C5F1C8030 /* Frameworks */,
			);
			buildRules = (
			);
			dependencies = (
			);
			name = FitnessMember;
			packageProductDependencies = (
				B1DA3D9245AAF15DFFD8CA8F /* Auth */,
			);
			productName = FitnessMember;
			productReference = 5F603D042C4DE6ADD6D6A2CC /* FitnessMember.app */;
			productType = "com.apple.product-type.application";
		};
/* End PBXNativeTarget section */

/* Begin PBXProject section */
		54C11DA5C006FC9D730A1CC2 /* Project object */ = {
			isa = PBXProject;
			attributes = {
				BuildIndependentTargetsInParallel = YES;
				LastUpgradeCheck = 1430;
				TargetAttributes = {
					0B298DC6FF498B0E70803F88 = {
						DevelopmentTeam = ZJP24W38LQ;
						ProvisioningStyle = Automatic;
					};
					0DD075A55A1736CFF9490B08 = {
						DevelopmentTeam = ZJP24W38LQ;
						ProvisioningStyle = Automatic;
					};
				};
			};
			buildConfigurationList = 3005FB7C8F34745C9FE342E9 /* Build configuration list for PBXProject "FitnessMember" */;
			developmentRegion = en;
			hasScannedForEncodings = 0;
			knownRegions = (
				Base,
				en,
			);
			mainGroup = 357291D6F6BF9120FA400FC6;
			minimizedProjectReferenceProxies = 1;
			packageReferences = (
				E2596F1D42D1BD4F08459270 /* XCRemoteSwiftPackageReference "supabase-swift" */,
			);
			preferredProjectObjectVersion = 77;
			productRefGroup = 6ACF2B4F288088F952BEE1EA /* Products */;
			projectDirPath = "";
			projectRoot = "";
			targets = (
				0DD075A55A1736CFF9490B08 /* FitnessMember */,
				0B298DC6FF498B0E70803F88 /* FitnessMemberTests */,
			);
		};
/* End PBXProject section */

/* Begin PBXResourcesBuildPhase section */
		302D1A1B285BA6468CE42B68 /* Resources */ = {
			isa = PBXResourcesBuildPhase;
			buildActionMask = 2147483647;
			files = (
				1B9CF10D96ED6BE26D2D7742 /* PrivacyInfo.xcprivacy in Resources */,
			);
			runOnlyForDeploymentPostprocessing = 0;
		};
/* End PBXResourcesBuildPhase section */

/* Begin PBXSourcesBuildPhase section */
		593FDBDB1AA2D195AD2390B8 /* Sources */ = {
			isa = PBXSourcesBuildPhase;
			buildActionMask = 2147483647;
			files = (
				0075B0E3CF0E786F9D22AFFF /* APIClient.swift in Sources */,
				9B358A72607B4F450BF64E0C /* APIError.swift in Sources */,
				8670A7D07F79AE8232169234 /* AppConfig.swift in Sources */,
				4E515B6705D782738E6250A1 /* BootstrapResponse.swift in Sources */,
				B588B97987FD269D81E3CCED /* Card.swift in Sources */,
				F9DAC3407A000DEDA7092660 /* Chip.swift in Sources */,
				50892766C4CFC62D0B93452B /* Color+Hex.swift in Sources */,
				4F9AF0046553808E8C5030BD /* ContentView.swift in Sources */,
				C0D21B900231DB8BC9A5323E /* DesignSystem.swift in Sources */,
				8F24875EC54A33CC1C089F64 /* ErrorEnvelope.swift in Sources */,
				CFADE9B7B1518A3F6DF0E7E7 /* ExerciseProgress.swift in Sources */,
				EE50C11A23D706E757F7645D /* FitnessMemberApp.swift in Sources */,
				750CEBE3A0D07E711D31D94F /* InlineBanner.swift in Sources */,
				B8218DBF6B9B3168086F00E6 /* JSONValue.swift in Sources */,
				C646BDD9DDB5825D52BF9AFA /* LabeledField.swift in Sources */,
				309307436B8EE156A6673AA2 /* PrimaryButton.swift in Sources */,
				E2ECF1FE835571FFD6617303 /* SecondaryButton.swift in Sources */,
				4AEFC85D03F8ED25B641E430 /* SessionSummary.swift in Sources */,
				FAFEECC2A710C4BF9D601BD2 /* TagContextResponse.swift in Sources */,
				4D6EC5DA1233E3B74ADD20B9 /* TagLink.swift in Sources */,
				F7EE8A3131BCD293674276A2 /* WorkoutSet.swift in Sources */,
			);
			runOnlyForDeploymentPostprocessing = 0;
		};
		71E31BC7676AFA5113CDB0A5 /* Sources */ = {
			isa = PBXSourcesBuildPhase;
			buildActionMask = 2147483647;
			files = (
				A82CD4C097FBBD45ACE7BB6E /* APIClientTests.swift in Sources */,
				D7EE3E0F56383A33915BEAC1 /* AppConfigTests.swift in Sources */,
				4FF2547C2EF53854366AC3A1 /* ColorHexTests.swift in Sources */,
				1938BBAFBE0B05D0BB9E7471 /* DTOTests.swift in Sources */,
				9E4947346E28638E0FA99C6A /* TagLinkTests.swift in Sources */,
			);
			runOnlyForDeploymentPostprocessing = 0;
		};
/* End PBXSourcesBuildPhase section */

/* Begin PBXTargetDependency section */
		1A3638D20273FA6C55B30596 /* PBXTargetDependency */ = {
			isa = PBXTargetDependency;
			target = 0DD075A55A1736CFF9490B08 /* FitnessMember */;
			targetProxy = 11ED7D57F8C08EB7BD565980 /* PBXContainerItemProxy */;
		};
/* End PBXTargetDependency section */

/* Begin XCBuildConfiguration section */
		1B182B3E950C62913802912C /* Debug */ = {
			isa = XCBuildConfiguration;
			buildSettings = {
				ASSETCATALOG_COMPILER_APPICON_NAME = AppIcon;
				CODE_SIGN_ENTITLEMENTS = FitnessMember/FitnessMember.entitlements;
				CODE_SIGN_IDENTITY = "iPhone Developer";
				CODE_SIGN_STYLE = Automatic;
				DEVELOPMENT_TEAM = ZJP24W38LQ;
				GENERATE_INFOPLIST_FILE = YES;
				INFOPLIST_FILE = "FitnessMember/Info-Additions.plist";
				INFOPLIST_KEY_NSCameraUsageDescription = "gymodo braucht die Kamera, um den QR-Code am Gerät oder am Studioeingang zu scannen.";
				INFOPLIST_KEY_UILaunchScreen_Generation = YES;
				LD_RUNPATH_SEARCH_PATHS = (
					"$(inherited)",
					"@executable_path/Frameworks",
				);
				PRODUCT_BUNDLE_IDENTIFIER = de.gymtaro.member;
				PRODUCT_NAME = FitnessMember;
				SDKROOT = iphoneos;
				SWIFT_VERSION = 6.0;
				TARGETED_DEVICE_FAMILY = 1;
			};
			name = Debug;
		};
		3E2595BD9AA81A1715BA67D6 /* Debug */ = {
			isa = XCBuildConfiguration;
			buildSettings = {
				BUNDLE_LOADER = "$(TEST_HOST)";
				CODE_SIGN_STYLE = Automatic;
				DEVELOPMENT_TEAM = ZJP24W38LQ;
				GENERATE_INFOPLIST_FILE = YES;
				LD_RUNPATH_SEARCH_PATHS = (
					"$(inherited)",
					"@executable_path/Frameworks",
					"@loader_path/Frameworks",
				);
				PRODUCT_BUNDLE_IDENTIFIER = de.gymtaro.FitnessMemberTests;
				SDKROOT = iphoneos;
				SWIFT_VERSION = 6.0;
				TARGETED_DEVICE_FAMILY = "1,2";
				TEST_HOST = "$(BUILT_PRODUCTS_DIR)/FitnessMember.app/FitnessMember";
			};
			name = Debug;
		};
		432CE56F316EB3FFFD445B88 /* Debug */ = {
			isa = XCBuildConfiguration;
			baseConfigurationReference = 04D2DE954DD4A21DF9C0C586 /* Config.xcconfig */;
			buildSettings = {
				ALWAYS_SEARCH_USER_PATHS = NO;
				CLANG_ANALYZER_NONNULL = YES;
				CLANG_ANALYZER_NUMBER_OBJECT_CONVERSION = YES_AGGRESSIVE;
				CLANG_CXX_LANGUAGE_STANDARD = "gnu++14";
				CLANG_CXX_LIBRARY = "libc++";
				CLANG_ENABLE_MODULES = YES;
				CLANG_ENABLE_OBJC_ARC = YES;
				CLANG_ENABLE_OBJC_WEAK = YES;
				CLANG_WARN_BLOCK_CAPTURE_AUTORELEASING = YES;
				CLANG_WARN_BOOL_CONVERSION = YES;
				CLANG_WARN_COMMA = YES;
				CLANG_WARN_CONSTANT_CONVERSION = YES;
				CLANG_WARN_DEPRECATED_OBJC_IMPLEMENTATIONS = YES;
				CLANG_WARN_DIRECT_OBJC_ISA_USAGE = YES_ERROR;
				CLANG_WARN_DOCUMENTATION_COMMENTS = YES;
				CLANG_WARN_EMPTY_BODY = YES;
				CLANG_WARN_ENUM_CONVERSION = YES;
				CLANG_WARN_INFINITE_RECURSION = YES;
				CLANG_WARN_INT_CONVERSION = YES;
				CLANG_WARN_NON_LITERAL_NULL_CONVERSION = YES;
				CLANG_WARN_OBJC_IMPLICIT_RETAIN_SELF = YES;
				CLANG_WARN_OBJC_LITERAL_CONVERSION = YES;
				CLANG_WARN_OBJC_ROOT_CLASS = YES_ERROR;
				CLANG_WARN_QUOTED_INCLUDE_IN_FRAMEWORK_HEADER = YES;
				CLANG_WARN_RANGE_LOOP_ANALYSIS = YES;
				CLANG_WARN_STRICT_PROTOTYPES = YES;
				CLANG_WARN_SUSPICIOUS_MOVE = YES;
				CLANG_WARN_UNGUARDED_AVAILABILITY = YES_AGGRESSIVE;
				CLANG_WARN_UNREACHABLE_CODE = YES;
				CLANG_WARN__DUPLICATE_METHOD_MATCH = YES;
				COPY_PHASE_STRIP = NO;
				DEBUG_INFORMATION_FORMAT = dwarf;
				ENABLE_STRICT_OBJC_MSGSEND = YES;
				ENABLE_TESTABILITY = YES;
				GCC_C_LANGUAGE_STANDARD = gnu11;
				GCC_DYNAMIC_NO_PIC = NO;
				GCC_NO_COMMON_BLOCKS = YES;
				GCC_OPTIMIZATION_LEVEL = 0;
				GCC_PREPROCESSOR_DEFINITIONS = (
					"$(inherited)",
					"DEBUG=1",
				);
				GCC_WARN_64_TO_32_BIT_CONVERSION = YES;
				GCC_WARN_ABOUT_RETURN_TYPE = YES_ERROR;
				GCC_WARN_UNDECLARED_SELECTOR = YES;
				GCC_WARN_UNINITIALIZED_AUTOS = YES_AGGRESSIVE;
				GCC_WARN_UNUSED_FUNCTION = YES;
				GCC_WARN_UNUSED_VARIABLE = YES;
				IPHONEOS_DEPLOYMENT_TARGET = 17.0;
				MTL_ENABLE_DEBUG_INFO = INCLUDE_SOURCE;
				MTL_FAST_MATH = YES;
				ONLY_ACTIVE_ARCH = YES;
				PRODUCT_NAME = "$(TARGET_NAME)";
				SDKROOT = iphoneos;
				SWIFT_ACTIVE_COMPILATION_CONDITIONS = DEBUG;
				SWIFT_OPTIMIZATION_LEVEL = "-Onone";
				SWIFT_VERSION = 5.0;
			};
			name = Debug;
		};
		500BD211546D4958AB586D13 /* Release */ = {
			isa = XCBuildConfiguration;
			buildSettings = {
				ASSETCATALOG_COMPILER_APPICON_NAME = AppIcon;
				CODE_SIGN_ENTITLEMENTS = FitnessMember/FitnessMember.entitlements;
				CODE_SIGN_IDENTITY = "iPhone Developer";
				CODE_SIGN_STYLE = Automatic;
				DEVELOPMENT_TEAM = ZJP24W38LQ;
				GENERATE_INFOPLIST_FILE = YES;
				INFOPLIST_FILE = "FitnessMember/Info-Additions.plist";
				INFOPLIST_KEY_NSCameraUsageDescription = "gymodo braucht die Kamera, um den QR-Code am Gerät oder am Studioeingang zu scannen.";
				INFOPLIST_KEY_UILaunchScreen_Generation = YES;
				LD_RUNPATH_SEARCH_PATHS = (
					"$(inherited)",
					"@executable_path/Frameworks",
				);
				PRODUCT_BUNDLE_IDENTIFIER = de.gymtaro.member;
				PRODUCT_NAME = FitnessMember;
				SDKROOT = iphoneos;
				SWIFT_VERSION = 6.0;
				TARGETED_DEVICE_FAMILY = 1;
			};
			name = Release;
		};
		D47C74CD28F28E33C13B72B3 /* Release */ = {
			isa = XCBuildConfiguration;
			baseConfigurationReference = 04D2DE954DD4A21DF9C0C586 /* Config.xcconfig */;
			buildSettings = {
				ALWAYS_SEARCH_USER_PATHS = NO;
				CLANG_ANALYZER_NONNULL = YES;
				CLANG_ANALYZER_NUMBER_OBJECT_CONVERSION = YES_AGGRESSIVE;
				CLANG_CXX_LANGUAGE_STANDARD = "gnu++14";
				CLANG_CXX_LIBRARY = "libc++";
				CLANG_ENABLE_MODULES = YES;
				CLANG_ENABLE_OBJC_ARC = YES;
				CLANG_ENABLE_OBJC_WEAK = YES;
				CLANG_WARN_BLOCK_CAPTURE_AUTORELEASING = YES;
				CLANG_WARN_BOOL_CONVERSION = YES;
				CLANG_WARN_COMMA = YES;
				CLANG_WARN_CONSTANT_CONVERSION = YES;
				CLANG_WARN_DEPRECATED_OBJC_IMPLEMENTATIONS = YES;
				CLANG_WARN_DIRECT_OBJC_ISA_USAGE = YES_ERROR;
				CLANG_WARN_DOCUMENTATION_COMMENTS = YES;
				CLANG_WARN_EMPTY_BODY = YES;
				CLANG_WARN_ENUM_CONVERSION = YES;
				CLANG_WARN_INFINITE_RECURSION = YES;
				CLANG_WARN_INT_CONVERSION = YES;
				CLANG_WARN_NON_LITERAL_NULL_CONVERSION = YES;
				CLANG_WARN_OBJC_IMPLICIT_RETAIN_SELF = YES;
				CLANG_WARN_OBJC_LITERAL_CONVERSION = YES;
				CLANG_WARN_OBJC_ROOT_CLASS = YES_ERROR;
				CLANG_WARN_QUOTED_INCLUDE_IN_FRAMEWORK_HEADER = YES;
				CLANG_WARN_RANGE_LOOP_ANALYSIS = YES;
				CLANG_WARN_STRICT_PROTOTYPES = YES;
				CLANG_WARN_SUSPICIOUS_MOVE = YES;
				CLANG_WARN_UNGUARDED_AVAILABILITY = YES_AGGRESSIVE;
				CLANG_WARN_UNREACHABLE_CODE = YES;
				CLANG_WARN__DUPLICATE_METHOD_MATCH = YES;
				COPY_PHASE_STRIP = NO;
				DEBUG_INFORMATION_FORMAT = "dwarf-with-dsym";
				ENABLE_NS_ASSERTIONS = NO;
				ENABLE_STRICT_OBJC_MSGSEND = YES;
				GCC_C_LANGUAGE_STANDARD = gnu11;
				GCC_NO_COMMON_BLOCKS = YES;
				GCC_WARN_64_TO_32_BIT_CONVERSION = YES;
				GCC_WARN_ABOUT_RETURN_TYPE = YES_ERROR;
				GCC_WARN_UNDECLARED_SELECTOR = YES;
				GCC_WARN_UNINITIALIZED_AUTOS = YES_AGGRESSIVE;
				GCC_WARN_UNUSED_FUNCTION = YES;
				GCC_WARN_UNUSED_VARIABLE = YES;
				IPHONEOS_DEPLOYMENT_TARGET = 17.0;
				MTL_ENABLE_DEBUG_INFO = NO;
				MTL_FAST_MATH = YES;
				PRODUCT_NAME = "$(TARGET_NAME)";
				SDKROOT = iphoneos;
				SWIFT_COMPILATION_MODE = wholemodule;
				SWIFT_OPTIMIZATION_LEVEL = "-O";
				SWIFT_VERSION = 5.0;
			};
			name = Release;
		};
		E5F8ACC3B92502BEFBE6E3DE /* Release */ = {
			isa = XCBuildConfiguration;
			buildSettings = {
				BUNDLE_LOADER = "$(TEST_HOST)";
				CODE_SIGN_STYLE = Automatic;
				DEVELOPMENT_TEAM = ZJP24W38LQ;
				GENERATE_INFOPLIST_FILE = YES;
				LD_RUNPATH_SEARCH_PATHS = (
					"$(inherited)",
					"@executable_path/Frameworks",
					"@loader_path/Frameworks",
				);
				PRODUCT_BUNDLE_IDENTIFIER = de.gymtaro.FitnessMemberTests;
				SDKROOT = iphoneos;
				SWIFT_VERSION = 6.0;
				TARGETED_DEVICE_FAMILY = "1,2";
				TEST_HOST = "$(BUILT_PRODUCTS_DIR)/FitnessMember.app/FitnessMember";
			};
			name = Release;
		};
/* End XCBuildConfiguration section */

/* Begin XCConfigurationList section */
		3005FB7C8F34745C9FE342E9 /* Build configuration list for PBXProject "FitnessMember" */ = {
			isa = XCConfigurationList;
			buildConfigurations = (
				432CE56F316EB3FFFD445B88 /* Debug */,
				D47C74CD28F28E33C13B72B3 /* Release */,
			);
			defaultConfigurationIsVisible = 0;
			defaultConfigurationName = Debug;
		};
		4E18C08D77ABFDA3AF448760 /* Build configuration list for PBXNativeTarget "FitnessMemberTests" */ = {
			isa = XCConfigurationList;
			buildConfigurations = (
				3E2595BD9AA81A1715BA67D6 /* Debug */,
				E5F8ACC3B92502BEFBE6E3DE /* Release */,
			);
			defaultConfigurationIsVisible = 0;
			defaultConfigurationName = Debug;
		};
		BB9BCDEC5F8236F277F2DB9C /* Build configuration list for PBXNativeTarget "FitnessMember" */ = {
			isa = XCConfigurationList;
			buildConfigurations = (
				1B182B3E950C62913802912C /* Debug */,
				500BD211546D4958AB586D13 /* Release */,
			);
			defaultConfigurationIsVisible = 0;
			defaultConfigurationName = Debug;
		};
/* End XCConfigurationList section */

/* Begin XCRemoteSwiftPackageReference section */
		E2596F1D42D1BD4F08459270 /* XCRemoteSwiftPackageReference "supabase-swift" */ = {
			isa = XCRemoteSwiftPackageReference;
			repositoryURL = "https://github.com/supabase/supabase-swift";
			requirement = {
				kind = upToNextMajorVersion;
				minimumVersion = 2.0.0;
			};
		};
/* End XCRemoteSwiftPackageReference section */

/* Begin XCSwiftPackageProductDependency section */
		B1DA3D9245AAF15DFFD8CA8F /* Auth */ = {
			isa = XCSwiftPackageProductDependency;
			package = E2596F1D42D1BD4F08459270 /* XCRemoteSwiftPackageReference "supabase-swift" */;
			productName = Auth;
		};
/* End XCSwiftPackageProductDependency section */
	};
	rootObject = 54C11DA5C006FC9D730A1CC2 /* Project object */;
}
