// !$*UTF8*$!
{
	archiveVersion = 1;
	classes = {
	};
	objectVersion = 77;
	objects = {

/* Begin PBXBuildFile section */
		0075B0E3CF0E786F9D22AFFF /* APIClient.swift in Sources */ = {isa = PBXBuildFile; fileRef = BC66ACF7FB394ECB319166C3 /* APIClient.swift */; };
		05C4AB096D32DA3E6C4E62D7 /* PressButtonStyle.swift in Sources */ = {isa = PBXBuildFile; fileRef = 9CEB043A2F6633F4B756357E /* PressButtonStyle.swift */; };
		0A66C707066A8C209342D669 /* TrainingAbschlussZeilenTests.swift in Sources */ = {isa = PBXBuildFile; fileRef = 05572CBE819B0984F2CACC32 /* TrainingAbschlussZeilenTests.swift */; };
		0C6833990CD8C8820B2F8627 /* Trainingszusammenfassung.swift in Sources */ = {isa = PBXBuildFile; fileRef = 8952A80F6F1C1538F040D849 /* Trainingszusammenfassung.swift */; };
		0C79D05D0F5B192800FDB707 /* MemberPasswortZuruecksetzenView.swift in Sources */ = {isa = PBXBuildFile; fileRef = 1987FE7CD53A2E411EAD2595 /* MemberPasswortZuruecksetzenView.swift */; };
		0CC21610F7CED89559C379C4 /* MemberPasswortView.swift in Sources */ = {isa = PBXBuildFile; fileRef = E4C1D2382AF3657C5135CBE2 /* MemberPasswortView.swift */; };
		0D0B75F5C030106C7CB21F85 /* ScannerSheet.swift in Sources */ = {isa = PBXBuildFile; fileRef = 55093183C1B476C12C44B469 /* ScannerSheet.swift */; };
		13225DB0A049D674C72CE73D /* CourseWeek.swift in Sources */ = {isa = PBXBuildFile; fileRef = 9AC1E765B0B287F9AC69A3B8 /* CourseWeek.swift */; };
		155027C74E92A6C6F5F641B8 /* ErsteWerteSchritt.swift in Sources */ = {isa = PBXBuildFile; fileRef = A3F9CF634AF01C1637F99D3B /* ErsteWerteSchritt.swift */; };
		187B66242C280ADBE3234946 /* PlaceholderView.swift in Sources */ = {isa = PBXBuildFile; fileRef = 27C292EFD7E692D12EAD9B3A /* PlaceholderView.swift */; };
		1938BBAFBE0B05D0BB9E7471 /* DTOTests.swift in Sources */ = {isa = PBXBuildFile; fileRef = FD55A1626F478A9D5D1A0861 /* DTOTests.swift */; };
		1A5F792F17B6BDB868EFADF0 /* KurseStore.swift in Sources */ = {isa = PBXBuildFile; fileRef = 0DE16B16CA9E4D25698A02C0 /* KurseStore.swift */; };
		1B9CF10D96ED6BE26D2D7742 /* PrivacyInfo.xcprivacy in Resources */ = {isa = PBXBuildFile; fileRef = 8D54275FD3C78205F883D9A0 /* PrivacyInfo.xcprivacy */; };
		206D113D8EEB2FF4D9BF05EB /* CatalogLoadState.swift in Sources */ = {isa = PBXBuildFile; fileRef = 44C759C755CAAFA0F5ED7616 /* CatalogLoadState.swift */; };
		207B8D6F6D17D7C2F5BA2FA5 /* GeraetEinstieg.swift in Sources */ = {isa = PBXBuildFile; fileRef = 9356660F927DE0AEC1C66C5D /* GeraetEinstieg.swift */; };
		2867121C23926588568A4707 /* LoginMailView.swift in Sources */ = {isa = PBXBuildFile; fileRef = 218ADC42D32AAB9758D0AB91 /* LoginMailView.swift */; };
		2B9E1A87F4B91757DDEC90A6 /* Stepper44.swift in Sources */ = {isa = PBXBuildFile; fileRef = 5C18F50D5DFB2CBD6785AADA /* Stepper44.swift */; };
		2CBC0FE2189073DA214F4138 /* AuthFlow.swift in Sources */ = {isa = PBXBuildFile; fileRef = 20071A27526D769989C545B0 /* AuthFlow.swift */; };
		2D961BA7EA388A8E6895AD01 /* KalibrierungSchritt.swift in Sources */ = {isa = PBXBuildFile; fileRef = 7650558ABB456D6EDF5735C7 /* KalibrierungSchritt.swift */; };
		2FEBDB6333A7BD86DDCC05CE /* KurseMeineView.swift in Sources */ = {isa = PBXBuildFile; fileRef = 28105FF62DB1E7DEEFC97076 /* KurseMeineView.swift */; };
		309307436B8EE156A6673AA2 /* PrimaryButton.swift in Sources */ = {isa = PBXBuildFile; fileRef = 2F5420FC0962C00F11FFCD65 /* PrimaryButton.swift */; };
		356B55A3EC5DF1C40CF07351 /* GeraetLoading.swift in Sources */ = {isa = PBXBuildFile; fileRef = 1B800AB907E579F778EA2656 /* GeraetLoading.swift */; };
		38240F3DF60D68312F9CBCE4 /* AuthCopy.swift in Sources */ = {isa = PBXBuildFile; fileRef = 2DC3378D45751B2BE6267611 /* AuthCopy.swift */; };
		39876DCABA0D4C90A172BF11 /* CatalogStore.swift in Sources */ = {isa = PBXBuildFile; fileRef = 1E651ABDF81EA57E18D7363D /* CatalogStore.swift */; };
		3B26567CF080FB300019E7A8 /* Auth in Frameworks */ = {isa = PBXBuildFile; productRef = B1DA3D9245AAF15DFFD8CA8F /* Auth */; };
		3FEB8C480E33977A36B75C37 /* EinweisungSchritt.swift in Sources */ = {isa = PBXBuildFile; fileRef = 3A3BA42E747095E74D6BF83A /* EinweisungSchritt.swift */; };
		4196455285CC682E9475A449 /* WertZeile.swift in Sources */ = {isa = PBXBuildFile; fileRef = A8B00715694B1D3131EDABCE /* WertZeile.swift */; };
		42F254CA382E78A97F1AC840 /* TrainingRootView.swift in Sources */ = {isa = PBXBuildFile; fileRef = 42F3F334438C1FBD98C386D0 /* TrainingRootView.swift */; };
		44EA0E9CBF440F567DCD049C /* ResttimerTests.swift in Sources */ = {isa = PBXBuildFile; fileRef = 707F099CE279C3111DDD2149 /* ResttimerTests.swift */; };
		48FFCA86209C664A9A0E6964 /* GeraetModel.swift in Sources */ = {isa = PBXBuildFile; fileRef = 4FE347CE02DFBA2ACD65350E /* GeraetModel.swift */; };
		49188A7C28036BA6E75E3C6E /* GeraetEinstiegTests.swift in Sources */ = {isa = PBXBuildFile; fileRef = 61EBAF697D264131A8B819C9 /* GeraetEinstiegTests.swift */; };
		4AEFC85D03F8ED25B641E430 /* SessionSummary.swift in Sources */ = {isa = PBXBuildFile; fileRef = 19832BC95D12C1DCBEFF10E9 /* SessionSummary.swift */; };
		4BE7020FEE8B695A9FDD3A75 /* ProblemSheet.swift in Sources */ = {isa = PBXBuildFile; fileRef = 927CF0E8A6C3CD19C832E6FD /* ProblemSheet.swift */; };
		4D6EC5DA1233E3B74ADD20B9 /* TagLink.swift in Sources */ = {isa = PBXBuildFile; fileRef = F3F970AC02F39C7E9D8ABCBF /* TagLink.swift */; };
		4E515B6705D782738E6250A1 /* BootstrapResponse.swift in Sources */ = {isa = PBXBuildFile; fileRef = 33EBC4692A4BFF21FC0FCA28 /* BootstrapResponse.swift */; };
		4FF2547C2EF53854366AC3A1 /* ColorHexTests.swift in Sources */ = {isa = PBXBuildFile; fileRef = CF7B9170FFCF2B3FBDF4A2F0 /* ColorHexTests.swift */; };
		50892766C4CFC62D0B93452B /* Color+Hex.swift in Sources */ = {isa = PBXBuildFile; fileRef = 45FB518781BA996FB7400814 /* Color+Hex.swift */; };
		51D68A6279BB1613A8A0C045 /* KurseStoreTests.swift in Sources */ = {isa = PBXBuildFile; fileRef = 05BD4A4984000E15E1DDB8A2 /* KurseStoreTests.swift */; };
		55B3BF3DEC193D15E4F6B8A8 /* Resttimer.swift in Sources */ = {isa = PBXBuildFile; fileRef = 57043EA2F2DFD5D046567083 /* Resttimer.swift */; };
		55D7F293518DDA5C5B44A849 /* PendingTagStore.swift in Sources */ = {isa = PBXBuildFile; fileRef = 26B414241FEB56BDD45194AA /* PendingTagStore.swift */; };
		5B7C293A4A3C2C42F2969ADE /* PendingWriteStore.swift in Sources */ = {isa = PBXBuildFile; fileRef = 2F89B657647B40C20CCA5FE4 /* PendingWriteStore.swift */; };
		5CC058FDF3D698829231E5DE /* RootView.swift in Sources */ = {isa = PBXBuildFile; fileRef = D33AEE94B0EDB5593285596C /* RootView.swift */; };
		600E5516A47D964636050F36 /* TrainingszusammenfassungTests.swift in Sources */ = {isa = PBXBuildFile; fileRef = 9BA53E0FF9AB052ED88E68C7 /* TrainingszusammenfassungTests.swift */; };
		6D53A3B77BA1BA710E5457DD /* ErstkontaktFlow.swift in Sources */ = {isa = PBXBuildFile; fileRef = 1CFAD7B15E65FF7B1029BCD3 /* ErstkontaktFlow.swift */; };
		74330F94DB89B468FB230AB0 /* RootDestinationTests.swift in Sources */ = {isa = PBXBuildFile; fileRef = 0753010E9ACC09DF6D948170 /* RootDestinationTests.swift */; };
		750CEBE3A0D07E711D31D94F /* InlineBanner.swift in Sources */ = {isa = PBXBuildFile; fileRef = 13D8C4AC64870FF3423C494F /* InlineBanner.swift */; };
		762BAF4D2EA117D55549EDED /* JoinResult.swift in Sources */ = {isa = PBXBuildFile; fileRef = 5F9AF02FA591F55A7D09403B /* JoinResult.swift */; };
		7FB375254AEA40DEEE4AE229 /* CodeEntry.swift in Sources */ = {isa = PBXBuildFile; fileRef = 761B6ACA4FD549615771E3C6 /* CodeEntry.swift */; };
		80BDCB40CB6953255B669BB5 /* GeraetErkanntView.swift in Sources */ = {isa = PBXBuildFile; fileRef = 4A055AE066E95BA635068E45 /* GeraetErkanntView.swift */; };
		824071B2AEF074DCEB6CEF53 /* Zahlformat.swift in Sources */ = {isa = PBXBuildFile; fileRef = 00B25E595924E3D70A9F8C8F /* Zahlformat.swift */; };
		8670A7D07F79AE8232169234 /* AppConfig.swift in Sources */ = {isa = PBXBuildFile; fileRef = B577EC22237E86AA0F3755B7 /* AppConfig.swift */; };
		8B75427616870118E08E4936 /* NetzwerkMonitor.swift in Sources */ = {isa = PBXBuildFile; fileRef = 398AB48ADA8A1BB8EDB1C086 /* NetzwerkMonitor.swift */; };
		8E100E38496E1212C0FF9042 /* KursZustandTests.swift in Sources */ = {isa = PBXBuildFile; fileRef = A2D588E7E4F6611509CF03B1 /* KursZustandTests.swift */; };
		8EA2070784B9E8D6E440FCDB /* AuthRoute.swift in Sources */ = {isa = PBXBuildFile; fileRef = A971E16E06A36BD3EA3B0ED4 /* AuthRoute.swift */; };
		8F24875EC54A33CC1C089F64 /* ErrorEnvelope.swift in Sources */ = {isa = PBXBuildFile; fileRef = D922539BB579EDDA0F7747CD /* ErrorEnvelope.swift */; };
		8FC7A533B3262AA6723ED9C1 /* Rastwerte.swift in Sources */ = {isa = PBXBuildFile; fileRef = EE7999237F8B3E7635E236AE /* Rastwerte.swift */; };
		911D1BCB5F196DFB0C649764 /* ResttimerBalken.swift in Sources */ = {isa = PBXBuildFile; fileRef = 5D630F19BC18D3B2A94AD265 /* ResttimerBalken.swift */; };
		9145F7245C5D69AA90AD9B7A /* GeraetRoute.swift in Sources */ = {isa = PBXBuildFile; fileRef = EF6476398D0D632AA4C97E66 /* GeraetRoute.swift */; };
		95794FEE5EC5FFA101C74C3D /* MemberPasswortAendernView.swift in Sources */ = {isa = PBXBuildFile; fileRef = 213A5216BA472EAE4240C049 /* MemberPasswortAendernView.swift */; };
		9B358A72607B4F450BF64E0C /* APIError.swift in Sources */ = {isa = PBXBuildFile; fileRef = A358100432569849D383D8E8 /* APIError.swift */; };
		9DE8EE325C831E9049A8BABE /* CalibrationWrite.swift in Sources */ = {isa = PBXBuildFile; fileRef = 718C690CC2C544C9C8550447 /* CalibrationWrite.swift */; };
		9E4947346E28638E0FA99C6A /* TagLinkTests.swift in Sources */ = {isa = PBXBuildFile; fileRef = C969EE52D1CA2B5138D6E1A6 /* TagLinkTests.swift */; };
		A4F50DFBB0D7894E7A7E8FC9 /* OfflineLeiste.swift in Sources */ = {isa = PBXBuildFile; fileRef = 60D9445D803C7BFB4FE0E3B0 /* OfflineLeiste.swift */; };
		A536169303BCBE5ED5385A9A /* CatalogStoreTests.swift in Sources */ = {isa = PBXBuildFile; fileRef = DB8CC4AA1ADA4ED3E6D39207 /* CatalogStoreTests.swift */; };
		A67217C418DEF1C2DC617DB9 /* SupabaseAuthBackend.swift in Sources */ = {isa = PBXBuildFile; fileRef = F86C22F308C4A9EB76B53C19 /* SupabaseAuthBackend.swift */; };
		A70571D779E8721B0D8FC96D /* Session.swift in Sources */ = {isa = PBXBuildFile; fileRef = A4D467E447232623659C42C7 /* Session.swift */; };
		A82CD4C097FBBD45ACE7BB6E /* APIClientTests.swift in Sources */ = {isa = PBXBuildFile; fileRef = 7D79A89B3E91A0F18C9E8DBC /* APIClientTests.swift */; };
		AD152D48FC554F180FA72F58 /* RastwerteTests.swift in Sources */ = {isa = PBXBuildFile; fileRef = 26B1A62413AE0C5835F9E9CA /* RastwerteTests.swift */; };
		ADF2407DE862FD940232AAE5 /* ZahlformatTests.swift in Sources */ = {isa = PBXBuildFile; fileRef = A40546FF017FE78E2A6823CE /* ZahlformatTests.swift */; };
		B3410F91BF63957604BF8340 /* SessionStoreTests.swift in Sources */ = {isa = PBXBuildFile; fileRef = CFAD64AC2C71B2E89331F981 /* SessionStoreTests.swift */; };
		B43F29AF4430526E932E3952 /* MemberStudiosView.swift in Sources */ = {isa = PBXBuildFile; fileRef = 3C3D6DF5C1CF76DEAC63015E /* MemberStudiosView.swift */; };
		B588B97987FD269D81E3CCED /* Card.swift in Sources */ = {isa = PBXBuildFile; fileRef = 36E18F6CFDF1DABC8AD02A99 /* Card.swift */; };
		B5B7A351BB87D823FD163DF1 /* MainTabView.swift in Sources */ = {isa = PBXBuildFile; fileRef = A5CA620D337B41A12B5D8A33 /* MainTabView.swift */; };
		B6342F2803AFA48AEEC73B7C /* WorkoutSessionStore.swift in Sources */ = {isa = PBXBuildFile; fileRef = 35466DCA1BAC23049D7DCB30 /* WorkoutSessionStore.swift */; };
		B68C2AD5B96D1812B2F124A0 /* PasswordPolicy.swift in Sources */ = {isa = PBXBuildFile; fileRef = 2F85DB74C44633BFB4BAAB94 /* PasswordPolicy.swift */; };
		B8218DBF6B9B3168086F00E6 /* JSONValue.swift in Sources */ = {isa = PBXBuildFile; fileRef = E82F1E9C17FC9A2A3742B15D /* JSONValue.swift */; };
		B854BF7F3EC5F92A64658311 /* KurseWochenBerechnungTests.swift in Sources */ = {isa = PBXBuildFile; fileRef = F0D97A63F51670FD637DCAFE /* KurseWochenBerechnungTests.swift */; };
		B90035F502BFCB437C290355 /* TrainingAbschlussView.swift in Sources */ = {isa = PBXBuildFile; fileRef = D5EDFCF55AFA4CDCD53104DC /* TrainingAbschlussView.swift */; };
		C01062BE7395A2DAD05A3EE4 /* AuthLogicTests.swift in Sources */ = {isa = PBXBuildFile; fileRef = 6D6E6743BDCF6E58E971D0CE /* AuthLogicTests.swift */; };
		C0D21B900231DB8BC9A5323E /* DesignSystem.swift in Sources */ = {isa = PBXBuildFile; fileRef = 33E48EE365B2AEEBD3FCBC2E /* DesignSystem.swift */; };
		C27905224D4AC66F7D6DC784 /* LokaleSession.swift in Sources */ = {isa = PBXBuildFile; fileRef = 87DEDAB723DC8FE55CB2FFA1 /* LokaleSession.swift */; };
		C2DE29ED55762D2C1E529802 /* KursDetailView.swift in Sources */ = {isa = PBXBuildFile; fileRef = 6CDEA4E4113A2333A539F030 /* KursDetailView.swift */; };
		C3F6024100768028FCAD45AF /* RootDestination.swift in Sources */ = {isa = PBXBuildFile; fileRef = D50BD9B08F5E126815EAACAC /* RootDestination.swift */; };
		C54BE200B15088F10CE1DBE0 /* MemberRegistrierenView.swift in Sources */ = {isa = PBXBuildFile; fileRef = 62AE7186437136E3B2723D3A /* MemberRegistrierenView.swift */; };
		C646BDD9DDB5825D52BF9AFA /* LabeledField.swift in Sources */ = {isa = PBXBuildFile; fileRef = 58D512A8A7F6C5D60CF41B25 /* LabeledField.swift */; };
		C6AD1695E384E19A040E3AB6 /* MachineResolver.swift in Sources */ = {isa = PBXBuildFile; fileRef = 4406BEBC7051D319700F05E9 /* MachineResolver.swift */; };
		CE20B943DBE9C21746B7C572 /* KurseWochenView.swift in Sources */ = {isa = PBXBuildFile; fileRef = E54956E5E29B287C6E6F7AB3 /* KurseWochenView.swift */; };
		CF24481035FBB410E13C5500 /* RastRad.swift in Sources */ = {isa = PBXBuildFile; fileRef = 45AE341D5234D5BED46BA218 /* RastRad.swift */; };
		CFADE9B7B1518A3F6DF0E7E7 /* ExerciseProgress.swift in Sources */ = {isa = PBXBuildFile; fileRef = 22E2DF311877D3BA39FFA5D5 /* ExerciseProgress.swift */; };
		D0068DB5B484876E3D0083E7 /* EmailValidator.swift in Sources */ = {isa = PBXBuildFile; fileRef = D79138C4B32315198E734356 /* EmailValidator.swift */; };
		D6412EE84EF83B2BB46E6912 /* LoginCodeView.swift in Sources */ = {isa = PBXBuildFile; fileRef = DDEF31B56AE35C7453FC34B9 /* LoginCodeView.swift */; };
		D76C207642BEE6F3A8CD20B1 /* GeraetView.swift in Sources */ = {isa = PBXBuildFile; fileRef = 1EACD17EBDD11DD861E371D3 /* GeraetView.swift */; };
		D7EE3E0F56383A33915BEAC1 /* AppConfigTests.swift in Sources */ = {isa = PBXBuildFile; fileRef = D78C8636341914B90296B220 /* AppConfigTests.swift */; };
		DB3955D030762B13093FA54C /* GeraetModelTests.swift in Sources */ = {isa = PBXBuildFile; fileRef = 28B7DB665B9FCD092E398F23 /* GeraetModelTests.swift */; };
		DCC5E98028ED224D32C6FAA5 /* CodeDigitsView.swift in Sources */ = {isa = PBXBuildFile; fileRef = 25E2F0617E6BB56D9A3CA19D /* CodeDigitsView.swift */; };
		E1A0397EDF4B789D5970BE5A /* MemberKeinStudioView.swift in Sources */ = {isa = PBXBuildFile; fileRef = C037A2436D3DBF861C6456FD /* MemberKeinStudioView.swift */; };
		E2ECF1FE835571FFD6617303 /* SecondaryButton.swift in Sources */ = {isa = PBXBuildFile; fileRef = C5F6D81AFCBEAE0F2AAF9BAC /* SecondaryButton.swift */; };
		E5D5C299EF2C249F20BEA4B9 /* KursDetailInhaltTests.swift in Sources */ = {isa = PBXBuildFile; fileRef = 02610C837B8435320AACE71B /* KursDetailInhaltTests.swift */; };
		E7A45EB36FF558A4EFDA9A14 /* AuthError.swift in Sources */ = {isa = PBXBuildFile; fileRef = 5A36C578F3E7767ABE5EE6B6 /* AuthError.swift */; };
		E9F322710ED44F9FC30002B2 /* WorkoutSessionStoreTests.swift in Sources */ = {isa = PBXBuildFile; fileRef = 4C040CEC32DA51B93411E58C /* WorkoutSessionStoreTests.swift */; };
		EC0E21421C05D51C3F32E51D /* UebungWechselnSheet.swift in Sources */ = {isa = PBXBuildFile; fileRef = 6FFF2CD62E84CDAE426125B5 /* UebungWechselnSheet.swift */; };
		EE50C11A23D706E757F7645D /* FitnessMemberApp.swift in Sources */ = {isa = PBXBuildFile; fileRef = 39B7B340D20BD85FE3AF612F /* FitnessMemberApp.swift */; };
		EF061CDAF1B6712C17872C0A /* ProfilRootView.swift in Sources */ = {isa = PBXBuildFile; fileRef = E0DEE6D2287369CE3EBBECBC /* ProfilRootView.swift */; };
		F07AE5A3A14A74A3532C4A3A /* KurseFileStore.swift in Sources */ = {isa = PBXBuildFile; fileRef = 962343020926813A08DE01CA /* KurseFileStore.swift */; };
		F1E9DFA75153BCFFEF5FDD62 /* PendingWriteStoreTests.swift in Sources */ = {isa = PBXBuildFile; fileRef = E07C7F4A13CB277BC11B8D77 /* PendingWriteStoreTests.swift */; };
		F7EE8A3131BCD293674276A2 /* WorkoutSet.swift in Sources */ = {isa = PBXBuildFile; fileRef = ACA345A636C594A2D95A59FD /* WorkoutSet.swift */; };
		F8A612A78D2961610EE47839 /* PendingSetWrite.swift in Sources */ = {isa = PBXBuildFile; fileRef = D382CA0B325C07B61F776A1D /* PendingSetWrite.swift */; };
		F91C363B2B081125E044C842 /* QRScannerController.swift in Sources */ = {isa = PBXBuildFile; fileRef = 7115CDC39F17B5DF97E47CD8 /* QRScannerController.swift */; };
		F9DAC3407A000DEDA7092660 /* Chip.swift in Sources */ = {isa = PBXBuildFile; fileRef = 1B227508179FE62A4DAA06A0 /* Chip.swift */; };
		FA390275F72119D9F7870B0E /* AuthBackend.swift in Sources */ = {isa = PBXBuildFile; fileRef = C4DDD9F8FCC3E699F6E4F79C /* AuthBackend.swift */; };
		FA5959C8725D9AD6B4B0338D /* SessionFileStore.swift in Sources */ = {isa = PBXBuildFile; fileRef = F059477D28A854A97A90AD70 /* SessionFileStore.swift */; };
		FA5C4C53322F44C0895B0C2D /* SessionStore.swift in Sources */ = {isa = PBXBuildFile; fileRef = 35907B519ACE98A2A3F021C5 /* SessionStore.swift */; };
		FAFEECC2A710C4BF9D601BD2 /* TagContextResponse.swift in Sources */ = {isa = PBXBuildFile; fileRef = 8A0756570D91BAD9173DC82B /* TagContextResponse.swift */; };
		FD45B7AE6C6405B0C6799772 /* KurseMeineEinteilungTests.swift in Sources */ = {isa = PBXBuildFile; fileRef = 4CA9131802B15B415EE3362E /* KurseMeineEinteilungTests.swift */; };
		FF660231717EEF021CAE16EF /* KursZustand.swift in Sources */ = {isa = PBXBuildFile; fileRef = 186F9A8308C2902F45F6E10E /* KursZustand.swift */; };
/* End PBXBuildFile section */

/* Begin PBXContainerItemProxy section */
		11ED7D57F8C08EB7BD565980 /* PBXContainerItemProxy */ = {
			isa = PBXContainerItemProxy;
			containerPortal = 54C11DA5C006FC9D730A1CC2 /* Project object */;
			proxyType = 1;
			remoteGlobalIDString = 0DD075A55A1736CFF9490B08;
			remoteInfo = FitnessMember;
		};
/* End PBXContainerItemProxy section */

/* Begin PBXFileReference section */
		00B25E595924E3D70A9F8C8F /* Zahlformat.swift */ = {isa = PBXFileReference; lastKnownFileType = sourcecode.swift; path = Zahlformat.swift; sourceTree = "<group>"; };
		02610C837B8435320AACE71B /* KursDetailInhaltTests.swift */ = {isa = PBXFileReference; lastKnownFileType = sourcecode.swift; path = KursDetailInhaltTests.swift; sourceTree = "<group>"; };
		04D2DE954DD4A21DF9C0C586 /* Config.xcconfig */ = {isa = PBXFileReference; lastKnownFileType = text.xcconfig; path = Config.xcconfig; sourceTree = "<group>"; };
		05572CBE819B0984F2CACC32 /* TrainingAbschlussZeilenTests.swift */ = {isa = PBXFileReference; lastKnownFileType = sourcecode.swift; path = TrainingAbschlussZeilenTests.swift; sourceTree = "<group>"; };
		05BD4A4984000E15E1DDB8A2 /* KurseStoreTests.swift */ = {isa = PBXFileReference; lastKnownFileType = sourcecode.swift; path = KurseStoreTests.swift; sourceTree = "<group>"; };
		0753010E9ACC09DF6D948170 /* RootDestinationTests.swift */ = {isa = PBXFileReference; lastKnownFileType = sourcecode.swift; path = RootDestinationTests.swift; sourceTree = "<group>"; };
		0DE16B16CA9E4D25698A02C0 /* KurseStore.swift */ = {isa = PBXFileReference; lastKnownFileType = sourcecode.swift; path = KurseStore.swift; sourceTree = "<group>"; };
		13D8C4AC64870FF3423C494F /* InlineBanner.swift */ = {isa = PBXFileReference; lastKnownFileType = sourcecode.swift; path = InlineBanner.swift; sourceTree = "<group>"; };
		186F9A8308C2902F45F6E10E /* KursZustand.swift */ = {isa = PBXFileReference; lastKnownFileType = sourcecode.swift; path = KursZustand.swift; sourceTree = "<group>"; };
		19832BC95D12C1DCBEFF10E9 /* SessionSummary.swift */ = {isa = PBXFileReference; lastKnownFileType = sourcecode.swift; path = SessionSummary.swift; sourceTree = "<group>"; };
		1987FE7CD53A2E411EAD2595 /* MemberPasswortZuruecksetzenView.swift */ = {isa = PBXFileReference; lastKnownFileType = sourcecode.swift; path = MemberPasswortZuruecksetzenView.swift; sourceTree = "<group>"; };
		1B227508179FE62A4DAA06A0 /* Chip.swift */ = {isa = PBXFileReference; lastKnownFileType = sourcecode.swift; path = Chip.swift; sourceTree = "<group>"; };
		1B800AB907E579F778EA2656 /* GeraetLoading.swift */ = {isa = PBXFileReference; lastKnownFileType = sourcecode.swift; path = GeraetLoading.swift; sourceTree = "<group>"; };
		1CFAD7B15E65FF7B1029BCD3 /* ErstkontaktFlow.swift */ = {isa = PBXFileReference; lastKnownFileType = sourcecode.swift; path = ErstkontaktFlow.swift; sourceTree = "<group>"; };
		1E651ABDF81EA57E18D7363D /* CatalogStore.swift */ = {isa = PBXFileReference; lastKnownFileType = sourcecode.swift; path = CatalogStore.swift; sourceTree = "<group>"; };
		1EACD17EBDD11DD861E371D3 /* GeraetView.swift */ = {isa = PBXFileReference; lastKnownFileType = sourcecode.swift; path = GeraetView.swift; sourceTree = "<group>"; };
		20071A27526D769989C545B0 /* AuthFlow.swift */ = {isa = PBXFileReference; lastKnownFileType = sourcecode.swift; path = AuthFlow.swift; sourceTree = "<group>"; };
		213A5216BA472EAE4240C049 /* MemberPasswortAendernView.swift */ = {isa = PBXFileReference; lastKnownFileType = sourcecode.swift; path = MemberPasswortAendernView.swift; sourceTree = "<group>"; };
		218ADC42D32AAB9758D0AB91 /* LoginMailView.swift */ = {isa = PBXFileReference; lastKnownFileType = sourcecode.swift; path = LoginMailView.swift; sourceTree = "<group>"; };
		22E2DF311877D3BA39FFA5D5 /* ExerciseProgress.swift */ = {isa = PBXFileReference; lastKnownFileType = sourcecode.swift; path = ExerciseProgress.swift; sourceTree = "<group>"; };
		25E2F0617E6BB56D9A3CA19D /* CodeDigitsView.swift */ = {isa = PBXFileReference; lastKnownFileType = sourcecode.swift; path = CodeDigitsView.swift; sourceTree = "<group>"; };
		26B1A62413AE0C5835F9E9CA /* RastwerteTests.swift */ = {isa = PBXFileReference; lastKnownFileType = sourcecode.swift; path = RastwerteTests.swift; sourceTree = "<group>"; };
		26B414241FEB56BDD45194AA /* PendingTagStore.swift */ = {isa = PBXFileReference; lastKnownFileType = sourcecode.swift; path = PendingTagStore.swift; sourceTree = "<group>"; };
		27C292EFD7E692D12EAD9B3A /* PlaceholderView.swift */ = {isa = PBXFileReference; lastKnownFileType = sourcecode.swift; path = PlaceholderView.swift; sourceTree = "<group>"; };
		28105FF62DB1E7DEEFC97076 /* KurseMeineView.swift */ = {isa = PBXFileReference; lastKnownFileType = sourcecode.swift; path = KurseMeineView.swift; sourceTree = "<group>"; };
		28B7DB665B9FCD092E398F23 /* GeraetModelTests.swift */ = {isa = PBXFileReference; lastKnownFileType = sourcecode.swift; path = GeraetModelTests.swift; sourceTree = "<group>"; };
		2DC3378D45751B2BE6267611 /* AuthCopy.swift */ = {isa = PBXFileReference; lastKnownFileType = sourcecode.swift; path = AuthCopy.swift; sourceTree = "<group>"; };
		2F5420FC0962C00F11FFCD65 /* PrimaryButton.swift */ = {isa = PBXFileReference; lastKnownFileType = sourcecode.swift; path = PrimaryButton.swift; sourceTree = "<group>"; };
		2F85DB74C44633BFB4BAAB94 /* PasswordPolicy.swift */ = {isa = PBXFileReference; lastKnownFileType = sourcecode.swift; path = PasswordPolicy.swift; sourceTree = "<group>"; };
		2F89B657647B40C20CCA5FE4 /* PendingWriteStore.swift */ = {isa = PBXFileReference; lastKnownFileType = sourcecode.swift; path = PendingWriteStore.swift; sourceTree = "<group>"; };
		33E48EE365B2AEEBD3FCBC2E /* DesignSystem.swift */ = {isa = PBXFileReference; lastKnownFileType = sourcecode.swift; path = DesignSystem.swift; sourceTree = "<group>"; };
		33EBC4692A4BFF21FC0FCA28 /* BootstrapResponse.swift */ = {isa = PBXFileReference; lastKnownFileType = sourcecode.swift; path = BootstrapResponse.swift; sourceTree = "<group>"; };
		35466DCA1BAC23049D7DCB30 /* WorkoutSessionStore.swift */ = {isa = PBXFileReference; lastKnownFileType = sourcecode.swift; path = WorkoutSessionStore.swift; sourceTree = "<group>"; };
		35907B519ACE98A2A3F021C5 /* SessionStore.swift */ = {isa = PBXFileReference; lastKnownFileType = sourcecode.swift; path = SessionStore.swift; sourceTree = "<group>"; };
		36E18F6CFDF1DABC8AD02A99 /* Card.swift */ = {isa = PBXFileReference; lastKnownFileType = sourcecode.swift; path = Card.swift; sourceTree = "<group>"; };
		398AB48ADA8A1BB8EDB1C086 /* NetzwerkMonitor.swift */ = {isa = PBXFileReference; lastKnownFileType = sourcecode.swift; path = NetzwerkMonitor.swift; sourceTree = "<group>"; };
		39B7B340D20BD85FE3AF612F /* FitnessMemberApp.swift */ = {isa = PBXFileReference; lastKnownFileType = sourcecode.swift; path = FitnessMemberApp.swift; sourceTree = "<group>"; };
		3A3BA42E747095E74D6BF83A /* EinweisungSchritt.swift */ = {isa = PBXFileReference; lastKnownFileType = sourcecode.swift; path = EinweisungSchritt.swift; sourceTree = "<group>"; };
		3B16A62990D2DCAE39041199 /* FitnessMemberTests.xctest */ = {isa = PBXFileReference; includeInIndex = 0; lastKnownFileType = wrapper.cfbundle; path = FitnessMemberTests.xctest; sourceTree = BUILT_PRODUCTS_DIR; };
		3C3D6DF5C1CF76DEAC63015E /* MemberStudiosView.swift */ = {isa = PBXFileReference; lastKnownFileType = sourcecode.swift; path = MemberStudiosView.swift; sourceTree = "<group>"; };
		42F3F334438C1FBD98C386D0 /* TrainingRootView.swift */ = {isa = PBXFileReference; lastKnownFileType = sourcecode.swift; path = TrainingRootView.swift; sourceTree = "<group>"; };
		4406BEBC7051D319700F05E9 /* MachineResolver.swift */ = {isa = PBXFileReference; lastKnownFileType = sourcecode.swift; path = MachineResolver.swift; sourceTree = "<group>"; };
		44C759C755CAAFA0F5ED7616 /* CatalogLoadState.swift */ = {isa = PBXFileReference; lastKnownFileType = sourcecode.swift; path = CatalogLoadState.swift; sourceTree = "<group>"; };
		45AE341D5234D5BED46BA218 /* RastRad.swift */ = {isa = PBXFileReference; lastKnownFileType = sourcecode.swift; path = RastRad.swift; sourceTree = "<group>"; };
		45FB518781BA996FB7400814 /* Color+Hex.swift */ = {isa = PBXFileReference; lastKnownFileType = sourcecode.swift; path = "Color+Hex.swift"; sourceTree = "<group>"; };
		4A055AE066E95BA635068E45 /* GeraetErkanntView.swift */ = {isa = PBXFileReference; lastKnownFileType = sourcecode.swift; path = GeraetErkanntView.swift; sourceTree = "<group>"; };
		4C040CEC32DA51B93411E58C /* WorkoutSessionStoreTests.swift */ = {isa = PBXFileReference; lastKnownFileType = sourcecode.swift; path = WorkoutSessionStoreTests.swift; sourceTree = "<group>"; };
		4CA9131802B15B415EE3362E /* KurseMeineEinteilungTests.swift */ = {isa = PBXFileReference; lastKnownFileType = sourcecode.swift; path = KurseMeineEinteilungTests.swift; sourceTree = "<group>"; };
		4FE347CE02DFBA2ACD65350E /* GeraetModel.swift */ = {isa = PBXFileReference; lastKnownFileType = sourcecode.swift; path = GeraetModel.swift; sourceTree = "<group>"; };
		55093183C1B476C12C44B469 /* ScannerSheet.swift */ = {isa = PBXFileReference; lastKnownFileType = sourcecode.swift; path = ScannerSheet.swift; sourceTree = "<group>"; };
		57043EA2F2DFD5D046567083 /* Resttimer.swift */ = {isa = PBXFileReference; lastKnownFileType = sourcecode.swift; path = Resttimer.swift; sourceTree = "<group>"; };
		58D512A8A7F6C5D60CF41B25 /* LabeledField.swift */ = {isa = PBXFileReference; lastKnownFileType = sourcecode.swift; path = LabeledField.swift; sourceTree = "<group>"; };
		5A36C578F3E7767ABE5EE6B6 /* AuthError.swift */ = {isa = PBXFileReference; lastKnownFileType = sourcecode.swift; path = AuthError.swift; sourceTree = "<group>"; };
		5C18F50D5DFB2CBD6785AADA /* Stepper44.swift */ = {isa = PBXFileReference; lastKnownFileType = sourcecode.swift; path = Stepper44.swift; sourceTree = "<group>"; };
		5D630F19BC18D3B2A94AD265 /* ResttimerBalken.swift */ = {isa = PBXFileReference; lastKnownFileType = sourcecode.swift; path = ResttimerBalken.swift; sourceTree = "<group>"; };
		5F603D042C4DE6ADD6D6A2CC /* FitnessMember.app */ = {isa = PBXFileReference; includeInIndex = 0; lastKnownFileType = wrapper.application; path = FitnessMember.app; sourceTree = BUILT_PRODUCTS_DIR; };
		5F9AF02FA591F55A7D09403B /* JoinResult.swift */ = {isa = PBXFileReference; lastKnownFileType = sourcecode.swift; path = JoinResult.swift; sourceTree = "<group>"; };
		60D9445D803C7BFB4FE0E3B0 /* OfflineLeiste.swift */ = {isa = PBXFileReference; lastKnownFileType = sourcecode.swift; path = OfflineLeiste.swift; sourceTree = "<group>"; };
		61EBAF697D264131A8B819C9 /* GeraetEinstiegTests.swift */ = {isa = PBXFileReference; lastKnownFileType = sourcecode.swift; path = GeraetEinstiegTests.swift; sourceTree = "<group>"; };
		62AE7186437136E3B2723D3A /* MemberRegistrierenView.swift */ = {isa = PBXFileReference; lastKnownFileType = sourcecode.swift; path = MemberRegistrierenView.swift; sourceTree = "<group>"; };
		6CDEA4E4113A2333A539F030 /* KursDetailView.swift */ = {isa = PBXFileReference; lastKnownFileType = sourcecode.swift; path = KursDetailView.swift; sourceTree = "<group>"; };
		6D6E6743BDCF6E58E971D0CE /* AuthLogicTests.swift */ = {isa = PBXFileReference; lastKnownFileType = sourcecode.swift; path = AuthLogicTests.swift; sourceTree = "<group>"; };
		6FFF2CD62E84CDAE426125B5 /* UebungWechselnSheet.swift */ = {isa = PBXFileReference; lastKnownFileType = sourcecode.swift; path = UebungWechselnSheet.swift; sourceTree = "<group>"; };
		707F099CE279C3111DDD2149 /* ResttimerTests.swift */ = {isa = PBXFileReference; lastKnownFileType = sourcecode.swift; path = ResttimerTests.swift; sourceTree = "<group>"; };
		7115CDC39F17B5DF97E47CD8 /* QRScannerController.swift */ = {isa = PBXFileReference; lastKnownFileType = sourcecode.swift; path = QRScannerController.swift; sourceTree = "<group>"; };
		718C690CC2C544C9C8550447 /* CalibrationWrite.swift */ = {isa = PBXFileReference; lastKnownFileType = sourcecode.swift; path = CalibrationWrite.swift; sourceTree = "<group>"; };
		761B6ACA4FD549615771E3C6 /* CodeEntry.swift */ = {isa = PBXFileReference; lastKnownFileType = sourcecode.swift; path = CodeEntry.swift; sourceTree = "<group>"; };
		7650558ABB456D6EDF5735C7 /* KalibrierungSchritt.swift */ = {isa = PBXFileReference; lastKnownFileType = sourcecode.swift; path = KalibrierungSchritt.swift; sourceTree = "<group>"; };
		7D79A89B3E91A0F18C9E8DBC /* APIClientTests.swift */ = {isa = PBXFileReference; lastKnownFileType = sourcecode.swift; path = APIClientTests.swift; sourceTree = "<group>"; };
		87DEDAB723DC8FE55CB2FFA1 /* LokaleSession.swift */ = {isa = PBXFileReference; lastKnownFileType = sourcecode.swift; path = LokaleSession.swift; sourceTree = "<group>"; };
		8952A80F6F1C1538F040D849 /* Trainingszusammenfassung.swift */ = {isa = PBXFileReference; lastKnownFileType = sourcecode.swift; path = Trainingszusammenfassung.swift; sourceTree = "<group>"; };
		8A0756570D91BAD9173DC82B /* TagContextResponse.swift */ = {isa = PBXFileReference; lastKnownFileType = sourcecode.swift; path = TagContextResponse.swift; sourceTree = "<group>"; };
		8D54275FD3C78205F883D9A0 /* PrivacyInfo.xcprivacy */ = {isa = PBXFileReference; path = PrivacyInfo.xcprivacy; sourceTree = "<group>"; };
		927CF0E8A6C3CD19C832E6FD /* ProblemSheet.swift */ = {isa = PBXFileReference; lastKnownFileType = sourcecode.swift; path = ProblemSheet.swift; sourceTree = "<group>"; };
		9356660F927DE0AEC1C66C5D /* GeraetEinstieg.swift */ = {isa = PBXFileReference; lastKnownFileType = sourcecode.swift; path = GeraetEinstieg.swift; sourceTree = "<group>"; };
		943C19386AFE9634615213ED /* Info-Additions.plist */ = {isa = PBXFileReference; lastKnownFileType = text.plist; path = "Info-Additions.plist"; sourceTree = "<group>"; };
		962343020926813A08DE01CA /* KurseFileStore.swift */ = {isa = PBXFileReference; lastKnownFileType = sourcecode.swift; path = KurseFileStore.swift; sourceTree = "<group>"; };
		9AC1E765B0B287F9AC69A3B8 /* CourseWeek.swift */ = {isa = PBXFileReference; lastKnownFileType = sourcecode.swift; path = CourseWeek.swift; sourceTree = "<group>"; };
		9BA53E0FF9AB052ED88E68C7 /* TrainingszusammenfassungTests.swift */ = {isa = PBXFileReference; lastKnownFileType = sourcecode.swift; path = TrainingszusammenfassungTests.swift; sourceTree = "<group>"; };
		9CEB043A2F6633F4B756357E /* PressButtonStyle.swift */ = {isa = PBXFileReference; lastKnownFileType = sourcecode.swift; path = PressButtonStyle.swift; sourceTree = "<group>"; };
		A2D588E7E4F6611509CF03B1 /* KursZustandTests.swift */ = {isa = PBXFileReference; lastKnownFileType = sourcecode.swift; path = KursZustandTests.swift; sourceTree = "<group>"; };
		A358100432569849D383D8E8 /* APIError.swift */ = {isa = PBXFileReference; lastKnownFileType = sourcecode.swift; path = APIError.swift; sourceTree = "<group>"; };
		A3F9CF634AF01C1637F99D3B /* ErsteWerteSchritt.swift */ = {isa = PBXFileReference; lastKnownFileType = sourcecode.swift; path = ErsteWerteSchritt.swift; sourceTree = "<group>"; };
		A40546FF017FE78E2A6823CE /* ZahlformatTests.swift */ = {isa = PBXFileReference; lastKnownFileType = sourcecode.swift; path = ZahlformatTests.swift; sourceTree = "<group>"; };
		A4D467E447232623659C42C7 /* Session.swift */ = {isa = PBXFileReference; lastKnownFileType = sourcecode.swift; path = Session.swift; sourceTree = "<group>"; };
		A5CA620D337B41A12B5D8A33 /* MainTabView.swift */ = {isa = PBXFileReference; lastKnownFileType = sourcecode.swift; path = MainTabView.swift; sourceTree = "<group>"; };
		A8B00715694B1D3131EDABCE /* WertZeile.swift */ = {isa = PBXFileReference; lastKnownFileType = sourcecode.swift; path = WertZeile.swift; sourceTree = "<group>"; };
		A971E16E06A36BD3EA3B0ED4 /* AuthRoute.swift */ = {isa = PBXFileReference; lastKnownFileType = sourcecode.swift; path = AuthRoute.swift; sourceTree = "<group>"; };
		ACA345A636C594A2D95A59FD /* WorkoutSet.swift */ = {isa = PBXFileReference; lastKnownFileType = sourcecode.swift; path = WorkoutSet.swift; sourceTree = "<group>"; };
		B577EC22237E86AA0F3755B7 /* AppConfig.swift */ = {isa = PBXFileReference; lastKnownFileType = sourcecode.swift; path = AppConfig.swift; sourceTree = "<group>"; };
		BC66ACF7FB394ECB319166C3 /* APIClient.swift */ = {isa = PBXFileReference; lastKnownFileType = sourcecode.swift; path = APIClient.swift; sourceTree = "<group>"; };
		C037A2436D3DBF861C6456FD /* MemberKeinStudioView.swift */ = {isa = PBXFileReference; lastKnownFileType = sourcecode.swift; path = MemberKeinStudioView.swift; sourceTree = "<group>"; };
		C4DDD9F8FCC3E699F6E4F79C /* AuthBackend.swift */ = {isa = PBXFileReference; lastKnownFileType = sourcecode.swift; path = AuthBackend.swift; sourceTree = "<group>"; };
		C5F6D81AFCBEAE0F2AAF9BAC /* SecondaryButton.swift */ = {isa = PBXFileReference; lastKnownFileType = sourcecode.swift; path = SecondaryButton.swift; sourceTree = "<group>"; };
		C969EE52D1CA2B5138D6E1A6 /* TagLinkTests.swift */ = {isa = PBXFileReference; lastKnownFileType = sourcecode.swift; path = TagLinkTests.swift; sourceTree = "<group>"; };
		CF7B9170FFCF2B3FBDF4A2F0 /* ColorHexTests.swift */ = {isa = PBXFileReference; lastKnownFileType = sourcecode.swift; path = ColorHexTests.swift; sourceTree = "<group>"; };
		CFAD64AC2C71B2E89331F981 /* SessionStoreTests.swift */ = {isa = PBXFileReference; lastKnownFileType = sourcecode.swift; path = SessionStoreTests.swift; sourceTree = "<group>"; };
		D33AEE94B0EDB5593285596C /* RootView.swift */ = {isa = PBXFileReference; lastKnownFileType = sourcecode.swift; path = RootView.swift; sourceTree = "<group>"; };
		D382CA0B325C07B61F776A1D /* PendingSetWrite.swift */ = {isa = PBXFileReference; lastKnownFileType = sourcecode.swift; path = PendingSetWrite.swift; sourceTree = "<group>"; };
		D50BD9B08F5E126815EAACAC /* RootDestination.swift */ = {isa = PBXFileReference; lastKnownFileType = sourcecode.swift; path = RootDestination.swift; sourceTree = "<group>"; };
		D5EDFCF55AFA4CDCD53104DC /* TrainingAbschlussView.swift */ = {isa = PBXFileReference; lastKnownFileType = sourcecode.swift; path = TrainingAbschlussView.swift; sourceTree = "<group>"; };
		D78C8636341914B90296B220 /* AppConfigTests.swift */ = {isa = PBXFileReference; lastKnownFileType = sourcecode.swift; path = AppConfigTests.swift; sourceTree = "<group>"; };
		D79138C4B32315198E734356 /* EmailValidator.swift */ = {isa = PBXFileReference; lastKnownFileType = sourcecode.swift; path = EmailValidator.swift; sourceTree = "<group>"; };
		D922539BB579EDDA0F7747CD /* ErrorEnvelope.swift */ = {isa = PBXFileReference; lastKnownFileType = sourcecode.swift; path = ErrorEnvelope.swift; sourceTree = "<group>"; };
		DB8CC4AA1ADA4ED3E6D39207 /* CatalogStoreTests.swift */ = {isa = PBXFileReference; lastKnownFileType = sourcecode.swift; path = CatalogStoreTests.swift; sourceTree = "<group>"; };
		DDEF31B56AE35C7453FC34B9 /* LoginCodeView.swift */ = {isa = PBXFileReference; lastKnownFileType = sourcecode.swift; path = LoginCodeView.swift; sourceTree = "<group>"; };
		E07C7F4A13CB277BC11B8D77 /* PendingWriteStoreTests.swift */ = {isa = PBXFileReference; lastKnownFileType = sourcecode.swift; path = PendingWriteStoreTests.swift; sourceTree = "<group>"; };
		E0DEE6D2287369CE3EBBECBC /* ProfilRootView.swift */ = {isa = PBXFileReference; lastKnownFileType = sourcecode.swift; path = ProfilRootView.swift; sourceTree = "<group>"; };
		E4C1D2382AF3657C5135CBE2 /* MemberPasswortView.swift */ = {isa = PBXFileReference; lastKnownFileType = sourcecode.swift; path = MemberPasswortView.swift; sourceTree = "<group>"; };
		E54956E5E29B287C6E6F7AB3 /* KurseWochenView.swift */ = {isa = PBXFileReference; lastKnownFileType = sourcecode.swift; path = KurseWochenView.swift; sourceTree = "<group>"; };
		E82F1E9C17FC9A2A3742B15D /* JSONValue.swift */ = {isa = PBXFileReference; lastKnownFileType = sourcecode.swift; path = JSONValue.swift; sourceTree = "<group>"; };
		EAEDFB14623AE11C1FD67B11 /* FitnessMember.entitlements */ = {isa = PBXFileReference; lastKnownFileType = text.plist.entitlements; path = FitnessMember.entitlements; sourceTree = "<group>"; };
		EE7999237F8B3E7635E236AE /* Rastwerte.swift */ = {isa = PBXFileReference; lastKnownFileType = sourcecode.swift; path = Rastwerte.swift; sourceTree = "<group>"; };
		EF6476398D0D632AA4C97E66 /* GeraetRoute.swift */ = {isa = PBXFileReference; lastKnownFileType = sourcecode.swift; path = GeraetRoute.swift; sourceTree = "<group>"; };
		F059477D28A854A97A90AD70 /* SessionFileStore.swift */ = {isa = PBXFileReference; lastKnownFileType = sourcecode.swift; path = SessionFileStore.swift; sourceTree = "<group>"; };
		F0D97A63F51670FD637DCAFE /* KurseWochenBerechnungTests.swift */ = {isa = PBXFileReference; lastKnownFileType = sourcecode.swift; path = KurseWochenBerechnungTests.swift; sourceTree = "<group>"; };
		F3F970AC02F39C7E9D8ABCBF /* TagLink.swift */ = {isa = PBXFileReference; lastKnownFileType = sourcecode.swift; path = TagLink.swift; sourceTree = "<group>"; };
		F86C22F308C4A9EB76B53C19 /* SupabaseAuthBackend.swift */ = {isa = PBXFileReference; lastKnownFileType = sourcecode.swift; path = SupabaseAuthBackend.swift; sourceTree = "<group>"; };
		FD55A1626F478A9D5D1A0861 /* DTOTests.swift */ = {isa = PBXFileReference; lastKnownFileType = sourcecode.swift; path = DTOTests.swift; sourceTree = "<group>"; };
/* End PBXFileReference section */

/* Begin PBXFrameworksBuildPhase section */
		979A6BA57914340C5F1C8030 /* Frameworks */ = {
			isa = PBXFrameworksBuildPhase;
			buildActionMask = 2147483647;
			files = (
				3B26567CF080FB300019E7A8 /* Auth in Frameworks */,
			);
			runOnlyForDeploymentPostprocessing = 0;
		};
/* End PBXFrameworksBuildPhase section */

/* Begin PBXGroup section */
		1DB65EF52280A0A517AC2743 /* FitnessMember */ = {
			isa = PBXGroup;
			children = (
				B577EC22237E86AA0F3755B7 /* AppConfig.swift */,
				EAEDFB14623AE11C1FD67B11 /* FitnessMember.entitlements */,
				39B7B340D20BD85FE3AF612F /* FitnessMemberApp.swift */,
				943C19386AFE9634615213ED /* Info-Additions.plist */,
				8D54275FD3C78205F883D9A0 /* PrivacyInfo.xcprivacy */,
				F3F970AC02F39C7E9D8ABCBF /* TagLink.swift */,
				69238F42946841D9633CE265 /* Auth */,
				3FC355A317C8C2CD39C6F424 /* Catalog */,
				3D587B3467DABB2C3AEB6B79 /* DesignSystem */,
				D156DC67F39C1073F205A9DA /* Kurse */,
				95D686C8B6F41D167021CB91 /* Navigation */,
				241523A827CF62B9D90609CA /* Networking */,
				E87CCCA55FBEB2A77656C3D9 /* Screens */,
				9032551F9B527E0B192D842A /* Workout */,
			);
			path = FitnessMember;
			sourceTree = "<group>";
		};
		241523A827CF62B9D90609CA /* Networking */ = {
			isa = PBXGroup;
			children = (
				BC66ACF7FB394ECB319166C3 /* APIClient.swift */,
				A358100432569849D383D8E8 /* APIError.swift */,
				E82F1E9C17FC9A2A3742B15D /* JSONValue.swift */,
				398AB48ADA8A1BB8EDB1C086 /* NetzwerkMonitor.swift */,
				5991BF73BA4A3CFBC57907D9 /* DTOs */,
			);
			path = Networking;
			sourceTree = "<group>";
		};
		357291D6F6BF9120FA400FC6 = {
			isa = PBXGroup;
			children = (
				1DB65EF52280A0A517AC2743 /* FitnessMember */,
				5D15656A46C8A3FB04179564 /* FitnessMemberTests */,
				FF747D7359045865244B6B44 /* ios-member */,
				6ACF2B4F288088F952BEE1EA /* Products */,
			);
			sourceTree = "<group>";
		};
		3C464E869CE4E7B44B00F6AF /* Geraet */ = {
			isa = PBXGroup;
			children = (
				3A3BA42E747095E74D6BF83A /* EinweisungSchritt.swift */,
				A3F9CF634AF01C1637F99D3B /* ErsteWerteSchritt.swift */,
				1CFAD7B15E65FF7B1029BCD3 /* ErstkontaktFlow.swift */,
				4A055AE066E95BA635068E45 /* GeraetErkanntView.swift */,
				4FE347CE02DFBA2ACD65350E /* GeraetModel.swift */,
				1EACD17EBDD11DD861E371D3 /* GeraetView.swift */,
				7650558ABB456D6EDF5735C7 /* KalibrierungSchritt.swift */,
				60D9445D803C7BFB4FE0E3B0 /* OfflineLeiste.swift */,
				927CF0E8A6C3CD19C832E6FD /* ProblemSheet.swift */,
				5D630F19BC18D3B2A94AD265 /* ResttimerBalken.swift */,
				6FFF2CD62E84CDAE426125B5 /* UebungWechselnSheet.swift */,
				A8B00715694B1D3131EDABCE /* WertZeile.swift */,
			);
			path = Geraet;
			sourceTree = "<group>";
		};
		3D587B3467DABB2C3AEB6B79 /* DesignSystem */ = {
			isa = PBXGroup;
			children = (
				45FB518781BA996FB7400814 /* Color+Hex.swift */,
				33E48EE365B2AEEBD3FCBC2E /* DesignSystem.swift */,
				00B25E595924E3D70A9F8C8F /* Zahlformat.swift */,
				413B8EEC7637B74CCF75A59E /* Components */,
			);
			path = DesignSystem;
			sourceTree = "<group>";
		};
		3FC355A317C8C2CD39C6F424 /* Catalog */ = {
			isa = PBXGroup;
			children = (
				44C759C755CAAFA0F5ED7616 /* CatalogLoadState.swift */,
				1E651ABDF81EA57E18D7363D /* CatalogStore.swift */,
				D382CA0B325C07B61F776A1D /* PendingSetWrite.swift */,
				2F89B657647B40C20CCA5FE4 /* PendingWriteStore.swift */,
			);
			path = Catalog;
			sourceTree = "<group>";
		};
		413B8EEC7637B74CCF75A59E /* Components */ = {
			isa = PBXGroup;
			children = (
				36E18F6CFDF1DABC8AD02A99 /* Card.swift */,
				1B227508179FE62A4DAA06A0 /* Chip.swift */,
				25E2F0617E6BB56D9A3CA19D /* CodeDigitsView.swift */,
				13D8C4AC64870FF3423C494F /* InlineBanner.swift */,
				58D512A8A7F6C5D60CF41B25 /* LabeledField.swift */,
				9CEB043A2F6633F4B756357E /* PressButtonStyle.swift */,
				2F5420FC0962C00F11FFCD65 /* PrimaryButton.swift */,
				45AE341D5234D5BED46BA218 /* RastRad.swift */,
				55093183C1B476C12C44B469 /* ScannerSheet.swift */,
				C5F6D81AFCBEAE0F2AAF9BAC /* SecondaryButton.swift */,
				5C18F50D5DFB2CBD6785AADA /* Stepper44.swift */,
			);
			path = Components;
			sourceTree = "<group>";
		};
		5991BF73BA4A3CFBC57907D9 /* DTOs */ = {
			isa = PBXGroup;
			children = (
				33EBC4692A4BFF21FC0FCA28 /* BootstrapResponse.swift */,
				718C690CC2C544C9C8550447 /* CalibrationWrite.swift */,
				9AC1E765B0B287F9AC69A3B8 /* CourseWeek.swift */,
				D922539BB579EDDA0F7747CD /* ErrorEnvelope.swift */,
				22E2DF311877D3BA39FFA5D5 /* ExerciseProgress.swift */,
				5F9AF02FA591F55A7D09403B /* JoinResult.swift */,
				19832BC95D12C1DCBEFF10E9 /* SessionSummary.swift */,
				8A0756570D91BAD9173DC82B /* TagContextResponse.swift */,
				ACA345A636C594A2D95A59FD /* WorkoutSet.swift */,
			);
			path = DTOs;
			sourceTree = "<group>";
		};
		5D15656A46C8A3FB04179564 /* FitnessMemberTests */ = {
			isa = PBXGroup;
			children = (
				7D79A89B3E91A0F18C9E8DBC /* APIClientTests.swift */,
				D78C8636341914B90296B220 /* AppConfigTests.swift */,
				6D6E6743BDCF6E58E971D0CE /* AuthLogicTests.swift */,
				DB8CC4AA1ADA4ED3E6D39207 /* CatalogStoreTests.swift */,
				CF7B9170FFCF2B3FBDF4A2F0 /* ColorHexTests.swift */,
				FD55A1626F478A9D5D1A0861 /* DTOTests.swift */,
				61EBAF697D264131A8B819C9 /* GeraetEinstiegTests.swift */,
				28B7DB665B9FCD092E398F23 /* GeraetModelTests.swift */,
				02610C837B8435320AACE71B /* KursDetailInhaltTests.swift */,
				4CA9131802B15B415EE3362E /* KurseMeineEinteilungTests.swift */,
				05BD4A4984000E15E1DDB8A2 /* KurseStoreTests.swift */,
				F0D97A63F51670FD637DCAFE /* KurseWochenBerechnungTests.swift */,
				A2D588E7E4F6611509CF03B1 /* KursZustandTests.swift */,
				E07C7F4A13CB277BC11B8D77 /* PendingWriteStoreTests.swift */,
				26B1A62413AE0C5835F9E9CA /* RastwerteTests.swift */,
				707F099CE279C3111DDD2149 /* ResttimerTests.swift */,
				0753010E9ACC09DF6D948170 /* RootDestinationTests.swift */,
				CFAD64AC2C71B2E89331F981 /* SessionStoreTests.swift */,
				C969EE52D1CA2B5138D6E1A6 /* TagLinkTests.swift */,
				05572CBE819B0984F2CACC32 /* TrainingAbschlussZeilenTests.swift */,
				9BA53E0FF9AB052ED88E68C7 /* TrainingszusammenfassungTests.swift */,
				4C040CEC32DA51B93411E58C /* WorkoutSessionStoreTests.swift */,
				A40546FF017FE78E2A6823CE /* ZahlformatTests.swift */,
			);
			path = FitnessMemberTests;
			sourceTree = "<group>";
		};
		69238F42946841D9633CE265 /* Auth */ = {
			isa = PBXGroup;
			children = (
				C4DDD9F8FCC3E699F6E4F79C /* AuthBackend.swift */,
				2DC3378D45751B2BE6267611 /* AuthCopy.swift */,
				5A36C578F3E7767ABE5EE6B6 /* AuthError.swift */,
				761B6ACA4FD549615771E3C6 /* CodeEntry.swift */,
				D79138C4B32315198E734356 /* EmailValidator.swift */,
				2F85DB74C44633BFB4BAAB94 /* PasswordPolicy.swift */,
				A4D467E447232623659C42C7 /* Session.swift */,
				35907B519ACE98A2A3F021C5 /* SessionStore.swift */,
				F86C22F308C4A9EB76B53C19 /* SupabaseAuthBackend.swift */,
			);
			path = Auth;
			sourceTree = "<group>";
		};
		6ACF2B4F288088F952BEE1EA /* Products */ = {
			isa = PBXGroup;
			children = (
				5F603D042C4DE6ADD6D6A2CC /* FitnessMember.app */,
				3B16A62990D2DCAE39041199 /* FitnessMemberTests.xctest */,
			);
			name = Products;
			sourceTree = "<group>";
		};
		9032551F9B527E0B192D842A /* Workout */ = {
			isa = PBXGroup;
			children = (
				9356660F927DE0AEC1C66C5D /* GeraetEinstieg.swift */,
				1B800AB907E579F778EA2656 /* GeraetLoading.swift */,
				87DEDAB723DC8FE55CB2FFA1 /* LokaleSession.swift */,
				4406BEBC7051D319700F05E9 /* MachineResolver.swift */,
				EE7999237F8B3E7635E236AE /* Rastwerte.swift */,
				57043EA2F2DFD5D046567083 /* Resttimer.swift */,
				F059477D28A854A97A90AD70 /* SessionFileStore.swift */,
				8952A80F6F1C1538F040D849 /* Trainingszusammenfassung.swift */,
				35466DCA1BAC23049D7DCB30 /* WorkoutSessionStore.swift */,
			);
			path = Workout;
			sourceTree = "<group>";
		};
		94CD88D23F67E7B5EE12ED7D /* Training */ = {
			isa = PBXGroup;
			children = (
				D5EDFCF55AFA4CDCD53104DC /* TrainingAbschlussView.swift */,
				42F3F334438C1FBD98C386D0 /* TrainingRootView.swift */,
			);
			path = Training;
			sourceTree = "<group>";
		};
		95D686C8B6F41D167021CB91 /* Navigation */ = {
			isa = PBXGroup;
			children = (
				20071A27526D769989C545B0 /* AuthFlow.swift */,
				A971E16E06A36BD3EA3B0ED4 /* AuthRoute.swift */,
				EF6476398D0D632AA4C97E66 /* GeraetRoute.swift */,
				A5CA620D337B41A12B5D8A33 /* MainTabView.swift */,
				26B414241FEB56BDD45194AA /* PendingTagStore.swift */,
				27C292EFD7E692D12EAD9B3A /* PlaceholderView.swift */,
				D50BD9B08F5E126815EAACAC /* RootDestination.swift */,
				D33AEE94B0EDB5593285596C /* RootView.swift */,
			);
			path = Navigation;
			sourceTree = "<group>";
		};
		9CB2765C25DB11B14DE97D94 /* Zugang */ = {
			isa = PBXGroup;
			children = (
				DDEF31B56AE35C7453FC34B9 /* LoginCodeView.swift */,
				218ADC42D32AAB9758D0AB91 /* LoginMailView.swift */,
				C037A2436D3DBF861C6456FD /* MemberKeinStudioView.swift */,
				213A5216BA472EAE4240C049 /* MemberPasswortAendernView.swift */,
				E4C1D2382AF3657C5135CBE2 /* MemberPasswortView.swift */,
				1987FE7CD53A2E411EAD2595 /* MemberPasswortZuruecksetzenView.swift */,
				62AE7186437136E3B2723D3A /* MemberRegistrierenView.swift */,
				7115CDC39F17B5DF97E47CD8 /* QRScannerController.swift */,
			);
			path = Zugang;
			sourceTree = "<group>";
		};
		AFFC176C8796B43E6ECF858E /* Profil */ = {
			isa = PBXGroup;
			children = (
				3C3D6DF5C1CF76DEAC63015E /* MemberStudiosView.swift */,
				E0DEE6D2287369CE3EBBECBC /* ProfilRootView.swift */,
			);
			path = Profil;
			sourceTree = "<group>";
		};
		D156DC67F39C1073F205A9DA /* Kurse */ = {
			isa = PBXGroup;
			children = (
				962343020926813A08DE01CA /* KurseFileStore.swift */,
				0DE16B16CA9E4D25698A02C0 /* KurseStore.swift */,
				186F9A8308C2902F45F6E10E /* KursZustand.swift */,
			);
			path = Kurse;
			sourceTree = "<group>";
		};
		E3BD7A8E7EAF72D7D99ECC43 /* Kurse */ = {
			isa = PBXGroup;
			children = (
				6CDEA4E4113A2333A539F030 /* KursDetailView.swift */,
				28105FF62DB1E7DEEFC97076 /* KurseMeineView.swift */,
				E54956E5E29B287C6E6F7AB3 /* KurseWochenView.swift */,
			);
			path = Kurse;
			sourceTree = "<group>";
		};
		E87CCCA55FBEB2A77656C3D9 /* Screens */ = {
			isa = PBXGroup;
			children = (
				3C464E869CE4E7B44B00F6AF /* Geraet */,
				E3BD7A8E7EAF72D7D99ECC43 /* Kurse */,
				AFFC176C8796B43E6ECF858E /* Profil */,
				94CD88D23F67E7B5EE12ED7D /* Training */,
				9CB2765C25DB11B14DE97D94 /* Zugang */,
			);
			path = Screens;
			sourceTree = "<group>";
		};
		FF747D7359045865244B6B44 /* ios-member */ = {
			isa = PBXGroup;
			children = (
				04D2DE954DD4A21DF9C0C586 /* Config.xcconfig */,
			);
			name = "ios-member";
			path = .;
			sourceTree = "<group>";
		};
/* End PBXGroup section */

/* Begin PBXNativeTarget section */
		0B298DC6FF498B0E70803F88 /* FitnessMemberTests */ = {
			isa = PBXNativeTarget;
			buildConfigurationList = 4E18C08D77ABFDA3AF448760 /* Build configuration list for PBXNativeTarget "FitnessMemberTests" */;
			buildPhases = (
				71E31BC7676AFA5113CDB0A5 /* Sources */,
			);
			buildRules = (
			);
			dependencies = (
				1A3638D20273FA6C55B30596 /* PBXTargetDependency */,
			);
			name = FitnessMemberTests;
			packageProductDependencies = (
			);
			productName = FitnessMemberTests;
			productReference = 3B16A62990D2DCAE39041199 /* FitnessMemberTests.xctest */;
			productType = "com.apple.product-type.bundle.unit-test";
		};
		0DD075A55A1736CFF9490B08 /* FitnessMember */ = {
			isa = PBXNativeTarget;
			buildConfigurationList = BB9BCDEC5F8236F277F2DB9C /* Build configuration list for PBXNativeTarget "FitnessMember" */;
			buildPhases = (
				593FDBDB1AA2D195AD2390B8 /* Sources */,
				302D1A1B285BA6468CE42B68 /* Resources */,
				979A6BA57914340C5F1C8030 /* Frameworks */,
			);
			buildRules = (
			);
			dependencies = (
			);
			name = FitnessMember;
			packageProductDependencies = (
				B1DA3D9245AAF15DFFD8CA8F /* Auth */,
			);
			productName = FitnessMember;
			productReference = 5F603D042C4DE6ADD6D6A2CC /* FitnessMember.app */;
			productType = "com.apple.product-type.application";
		};
/* End PBXNativeTarget section */

/* Begin PBXProject section */
		54C11DA5C006FC9D730A1CC2 /* Project object */ = {
			isa = PBXProject;
			attributes = {
				BuildIndependentTargetsInParallel = YES;
				LastUpgradeCheck = 1430;
				TargetAttributes = {
					0B298DC6FF498B0E70803F88 = {
						DevelopmentTeam = ZJP24W38LQ;
						ProvisioningStyle = Automatic;
					};
					0DD075A55A1736CFF9490B08 = {
						DevelopmentTeam = ZJP24W38LQ;
						ProvisioningStyle = Automatic;
					};
				};
			};
			buildConfigurationList = 3005FB7C8F34745C9FE342E9 /* Build configuration list for PBXProject "FitnessMember" */;
			developmentRegion = en;
			hasScannedForEncodings = 0;
			knownRegions = (
				Base,
				en,
			);
			mainGroup = 357291D6F6BF9120FA400FC6;
			minimizedProjectReferenceProxies = 1;
			packageReferences = (
				E2596F1D42D1BD4F08459270 /* XCRemoteSwiftPackageReference "supabase-swift" */,
			);
			preferredProjectObjectVersion = 77;
			productRefGroup = 6ACF2B4F288088F952BEE1EA /* Products */;
			projectDirPath = "";
			projectRoot = "";
			targets = (
				0DD075A55A1736CFF9490B08 /* FitnessMember */,
				0B298DC6FF498B0E70803F88 /* FitnessMemberTests */,
			);
		};
/* End PBXProject section */

/* Begin PBXResourcesBuildPhase section */
		302D1A1B285BA6468CE42B68 /* Resources */ = {
			isa = PBXResourcesBuildPhase;
			buildActionMask = 2147483647;
			files = (
				1B9CF10D96ED6BE26D2D7742 /* PrivacyInfo.xcprivacy in Resources */,
			);
			runOnlyForDeploymentPostprocessing = 0;
		};
/* End PBXResourcesBuildPhase section */

/* Begin PBXSourcesBuildPhase section */
		593FDBDB1AA2D195AD2390B8 /* Sources */ = {
			isa = PBXSourcesBuildPhase;
			buildActionMask = 2147483647;
			files = (
				0075B0E3CF0E786F9D22AFFF /* APIClient.swift in Sources */,
				9B358A72607B4F450BF64E0C /* APIError.swift in Sources */,
				8670A7D07F79AE8232169234 /* AppConfig.swift in Sources */,
				FA390275F72119D9F7870B0E /* AuthBackend.swift in Sources */,
				38240F3DF60D68312F9CBCE4 /* AuthCopy.swift in Sources */,
				E7A45EB36FF558A4EFDA9A14 /* AuthError.swift in Sources */,
				2CBC0FE2189073DA214F4138 /* AuthFlow.swift in Sources */,
				8EA2070784B9E8D6E440FCDB /* AuthRoute.swift in Sources */,
				4E515B6705D782738E6250A1 /* BootstrapResponse.swift in Sources */,
				9DE8EE325C831E9049A8BABE /* CalibrationWrite.swift in Sources */,
				B588B97987FD269D81E3CCED /* Card.swift in Sources */,
				206D113D8EEB2FF4D9BF05EB /* CatalogLoadState.swift in Sources */,
				39876DCABA0D4C90A172BF11 /* CatalogStore.swift in Sources */,
				F9DAC3407A000DEDA7092660 /* Chip.swift in Sources */,
				DCC5E98028ED224D32C6FAA5 /* CodeDigitsView.swift in Sources */,
				7FB375254AEA40DEEE4AE229 /* CodeEntry.swift in Sources */,
				50892766C4CFC62D0B93452B /* Color+Hex.swift in Sources */,
				13225DB0A049D674C72CE73D /* CourseWeek.swift in Sources */,
				C0D21B900231DB8BC9A5323E /* DesignSystem.swift in Sources */,
				3FEB8C480E33977A36B75C37 /* EinweisungSchritt.swift in Sources */,
				D0068DB5B484876E3D0083E7 /* EmailValidator.swift in Sources */,
				8F24875EC54A33CC1C089F64 /* ErrorEnvelope.swift in Sources */,
				155027C74E92A6C6F5F641B8 /* ErsteWerteSchritt.swift in Sources */,
				6D53A3B77BA1BA710E5457DD /* ErstkontaktFlow.swift in Sources */,
				CFADE9B7B1518A3F6DF0E7E7 /* ExerciseProgress.swift in Sources */,
				EE50C11A23D706E757F7645D /* FitnessMemberApp.swift in Sources */,
				207B8D6F6D17D7C2F5BA2FA5 /* GeraetEinstieg.swift in Sources */,
				80BDCB40CB6953255B669BB5 /* GeraetErkanntView.swift in Sources */,
				356B55A3EC5DF1C40CF07351 /* GeraetLoading.swift in Sources */,
				48FFCA86209C664A9A0E6964 /* GeraetModel.swift in Sources */,
				9145F7245C5D69AA90AD9B7A /* GeraetRoute.swift in Sources */,
				D76C207642BEE6F3A8CD20B1 /* GeraetView.swift in Sources */,
				750CEBE3A0D07E711D31D94F /* InlineBanner.swift in Sources */,
				B8218DBF6B9B3168086F00E6 /* JSONValue.swift in Sources */,
				762BAF4D2EA117D55549EDED /* JoinResult.swift in Sources */,
				2D961BA7EA388A8E6895AD01 /* KalibrierungSchritt.swift in Sources */,
				C2DE29ED55762D2C1E529802 /* KursDetailView.swift in Sources */,
				FF660231717EEF021CAE16EF /* KursZustand.swift in Sources */,
				F07AE5A3A14A74A3532C4A3A /* KurseFileStore.swift in Sources */,
				2FEBDB6333A7BD86DDCC05CE /* KurseMeineView.swift in Sources */,
				1A5F792F17B6BDB868EFADF0 /* KurseStore.swift in Sources */,
				CE20B943DBE9C21746B7C572 /* KurseWochenView.swift in Sources */,
				C646BDD9DDB5825D52BF9AFA /* LabeledField.swift in Sources */,
				D6412EE84EF83B2BB46E6912 /* LoginCodeView.swift in Sources */,
				2867121C23926588568A4707 /* LoginMailView.swift in Sources */,
				C27905224D4AC66F7D6DC784 /* LokaleSession.swift in Sources */,
				C6AD1695E384E19A040E3AB6 /* MachineResolver.swift in Sources */,
				B5B7A351BB87D823FD163DF1 /* MainTabView.swift in Sources */,
				E1A0397EDF4B789D5970BE5A /* MemberKeinStudioView.swift in Sources */,
				95794FEE5EC5FFA101C74C3D /* MemberPasswortAendernView.swift in Sources */,
				0CC21610F7CED89559C379C4 /* MemberPasswortView.swift in Sources */,
				0C79D05D0F5B192800FDB707 /* MemberPasswortZuruecksetzenView.swift in Sources */,
				C54BE200B15088F10CE1DBE0 /* MemberRegistrierenView.swift in Sources */,
				B43F29AF4430526E932E3952 /* MemberStudiosView.swift in Sources */,
				8B75427616870118E08E4936 /* NetzwerkMonitor.swift in Sources */,
				A4F50DFBB0D7894E7A7E8FC9 /* OfflineLeiste.swift in Sources */,
				B68C2AD5B96D1812B2F124A0 /* PasswordPolicy.swift in Sources */,
				F8A612A78D2961610EE47839 /* PendingSetWrite.swift in Sources */,
				55D7F293518DDA5C5B44A849 /* PendingTagStore.swift in Sources */,
				5B7C293A4A3C2C42F2969ADE /* PendingWriteStore.swift in Sources */,
				187B66242C280ADBE3234946 /* PlaceholderView.swift in Sources */,
				05C4AB096D32DA3E6C4E62D7 /* PressButtonStyle.swift in Sources */,
				309307436B8EE156A6673AA2 /* PrimaryButton.swift in Sources */,
				4BE7020FEE8B695A9FDD3A75 /* ProblemSheet.swift in Sources */,
				EF061CDAF1B6712C17872C0A /* ProfilRootView.swift in Sources */,
				F91C363B2B081125E044C842 /* QRScannerController.swift in Sources */,
				CF24481035FBB410E13C5500 /* RastRad.swift in Sources */,
				8FC7A533B3262AA6723ED9C1 /* Rastwerte.swift in Sources */,
				55B3BF3DEC193D15E4F6B8A8 /* Resttimer.swift in Sources */,
				911D1BCB5F196DFB0C649764 /* ResttimerBalken.swift in Sources */,
				C3F6024100768028FCAD45AF /* RootDestination.swift in Sources */,
				5CC058FDF3D698829231E5DE /* RootView.swift in Sources */,
				0D0B75F5C030106C7CB21F85 /* ScannerSheet.swift in Sources */,
				E2ECF1FE835571FFD6617303 /* SecondaryButton.swift in Sources */,
				A70571D779E8721B0D8FC96D /* Session.swift in Sources */,
				FA5959C8725D9AD6B4B0338D /* SessionFileStore.swift in Sources */,
				FA5C4C53322F44C0895B0C2D /* SessionStore.swift in Sources */,
				4AEFC85D03F8ED25B641E430 /* SessionSummary.swift in Sources */,
				2B9E1A87F4B91757DDEC90A6 /* Stepper44.swift in Sources */,
				A67217C418DEF1C2DC617DB9 /* SupabaseAuthBackend.swift in Sources */,
				FAFEECC2A710C4BF9D601BD2 /* TagContextResponse.swift in Sources */,
				4D6EC5DA1233E3B74ADD20B9 /* TagLink.swift in Sources */,
				B90035F502BFCB437C290355 /* TrainingAbschlussView.swift in Sources */,
				42F254CA382E78A97F1AC840 /* TrainingRootView.swift in Sources */,
				0C6833990CD8C8820B2F8627 /* Trainingszusammenfassung.swift in Sources */,
				EC0E21421C05D51C3F32E51D /* UebungWechselnSheet.swift in Sources */,
				4196455285CC682E9475A449 /* WertZeile.swift in Sources */,
				B6342F2803AFA48AEEC73B7C /* WorkoutSessionStore.swift in Sources */,
				F7EE8A3131BCD293674276A2 /* WorkoutSet.swift in Sources */,
				824071B2AEF074DCEB6CEF53 /* Zahlformat.swift in Sources */,
			);
			runOnlyForDeploymentPostprocessing = 0;
		};
		71E31BC7676AFA5113CDB0A5 /* Sources */ = {
			isa = PBXSourcesBuildPhase;
			buildActionMask = 2147483647;
			files = (
				A82CD4C097FBBD45ACE7BB6E /* APIClientTests.swift in Sources */,
				D7EE3E0F56383A33915BEAC1 /* AppConfigTests.swift in Sources */,
				C01062BE7395A2DAD05A3EE4 /* AuthLogicTests.swift in Sources */,
				A536169303BCBE5ED5385A9A /* CatalogStoreTests.swift in Sources */,
				4FF2547C2EF53854366AC3A1 /* ColorHexTests.swift in Sources */,
				1938BBAFBE0B05D0BB9E7471 /* DTOTests.swift in Sources */,
				49188A7C28036BA6E75E3C6E /* GeraetEinstiegTests.swift in Sources */,
				DB3955D030762B13093FA54C /* GeraetModelTests.swift in Sources */,
				E5D5C299EF2C249F20BEA4B9 /* KursDetailInhaltTests.swift in Sources */,
				8E100E38496E1212C0FF9042 /* KursZustandTests.swift in Sources */,
				FD45B7AE6C6405B0C6799772 /* KurseMeineEinteilungTests.swift in Sources */,
				51D68A6279BB1613A8A0C045 /* KurseStoreTests.swift in Sources */,
				B854BF7F3EC5F92A64658311 /* KurseWochenBerechnungTests.swift in Sources */,
				F1E9DFA75153BCFFEF5FDD62 /* PendingWriteStoreTests.swift in Sources */,
				AD152D48FC554F180FA72F58 /* RastwerteTests.swift in Sources */,
				44EA0E9CBF440F567DCD049C /* ResttimerTests.swift in Sources */,
				74330F94DB89B468FB230AB0 /* RootDestinationTests.swift in Sources */,
				B3410F91BF63957604BF8340 /* SessionStoreTests.swift in Sources */,
				9E4947346E28638E0FA99C6A /* TagLinkTests.swift in Sources */,
				0A66C707066A8C209342D669 /* TrainingAbschlussZeilenTests.swift in Sources */,
				600E5516A47D964636050F36 /* TrainingszusammenfassungTests.swift in Sources */,
				E9F322710ED44F9FC30002B2 /* WorkoutSessionStoreTests.swift in Sources */,
				ADF2407DE862FD940232AAE5 /* ZahlformatTests.swift in Sources */,
			);
			runOnlyForDeploymentPostprocessing = 0;
		};
/* End PBXSourcesBuildPhase section */

/* Begin PBXTargetDependency section */
		1A3638D20273FA6C55B30596 /* PBXTargetDependency */ = {
			isa = PBXTargetDependency;
			target = 0DD075A55A1736CFF9490B08 /* FitnessMember */;
			targetProxy = 11ED7D57F8C08EB7BD565980 /* PBXContainerItemProxy */;
		};
/* End PBXTargetDependency section */

/* Begin XCBuildConfiguration section */
		1B182B3E950C62913802912C /* Debug */ = {
			isa = XCBuildConfiguration;
			buildSettings = {
				ASSETCATALOG_COMPILER_APPICON_NAME = AppIcon;
				CODE_SIGN_ENTITLEMENTS = FitnessMember/FitnessMember.entitlements;
				CODE_SIGN_IDENTITY = "iPhone Developer";
				CODE_SIGN_STYLE = Automatic;
				DEVELOPMENT_TEAM = ZJP24W38LQ;
				GENERATE_INFOPLIST_FILE = YES;
				INFOPLIST_FILE = "FitnessMember/Info-Additions.plist";
				INFOPLIST_KEY_NSCameraUsageDescription = "gymodo braucht die Kamera, um den QR-Code am Gerät oder am Studioeingang zu scannen.";
				INFOPLIST_KEY_UILaunchScreen_Generation = YES;
				LD_RUNPATH_SEARCH_PATHS = (
					"$(inherited)",
					"@executable_path/Frameworks",
				);
				PRODUCT_BUNDLE_IDENTIFIER = de.gymtaro.member;
				PRODUCT_NAME = FitnessMember;
				SDKROOT = iphoneos;
				SWIFT_VERSION = 6.0;
				TARGETED_DEVICE_FAMILY = 1;
			};
			name = Debug;
		};
		3E2595BD9AA81A1715BA67D6 /* Debug */ = {
			isa = XCBuildConfiguration;
			buildSettings = {
				BUNDLE_LOADER = "$(TEST_HOST)";
				CODE_SIGN_STYLE = Automatic;
				DEVELOPMENT_TEAM = ZJP24W38LQ;
				GENERATE_INFOPLIST_FILE = YES;
				LD_RUNPATH_SEARCH_PATHS = (
					"$(inherited)",
					"@executable_path/Frameworks",
					"@loader_path/Frameworks",
				);
				PRODUCT_BUNDLE_IDENTIFIER = de.gymtaro.FitnessMemberTests;
				SDKROOT = iphoneos;
				SWIFT_VERSION = 6.0;
				TARGETED_DEVICE_FAMILY = "1,2";
				TEST_HOST = "$(BUILT_PRODUCTS_DIR)/FitnessMember.app/FitnessMember";
			};
			name = Debug;
		};
		432CE56F316EB3FFFD445B88 /* Debug */ = {
			isa = XCBuildConfiguration;
			baseConfigurationReference = 04D2DE954DD4A21DF9C0C586 /* Config.xcconfig */;
			buildSettings = {
				ALWAYS_SEARCH_USER_PATHS = NO;
				CLANG_ANALYZER_NONNULL = YES;
				CLANG_ANALYZER_NUMBER_OBJECT_CONVERSION = YES_AGGRESSIVE;
				CLANG_CXX_LANGUAGE_STANDARD = "gnu++14";
				CLANG_CXX_LIBRARY = "libc++";
				CLANG_ENABLE_MODULES = YES;
				CLANG_ENABLE_OBJC_ARC = YES;
				CLANG_ENABLE_OBJC_WEAK = YES;
				CLANG_WARN_BLOCK_CAPTURE_AUTORELEASING = YES;
				CLANG_WARN_BOOL_CONVERSION = YES;
				CLANG_WARN_COMMA = YES;
				CLANG_WARN_CONSTANT_CONVERSION = YES;
				CLANG_WARN_DEPRECATED_OBJC_IMPLEMENTATIONS = YES;
				CLANG_WARN_DIRECT_OBJC_ISA_USAGE = YES_ERROR;
				CLANG_WARN_DOCUMENTATION_COMMENTS = YES;
				CLANG_WARN_EMPTY_BODY = YES;
				CLANG_WARN_ENUM_CONVERSION = YES;
				CLANG_WARN_INFINITE_RECURSION = YES;
				CLANG_WARN_INT_CONVERSION = YES;
				CLANG_WARN_NON_LITERAL_NULL_CONVERSION = YES;
				CLANG_WARN_OBJC_IMPLICIT_RETAIN_SELF = YES;
				CLANG_WARN_OBJC_LITERAL_CONVERSION = YES;
				CLANG_WARN_OBJC_ROOT_CLASS = YES_ERROR;
				CLANG_WARN_QUOTED_INCLUDE_IN_FRAMEWORK_HEADER = YES;
				CLANG_WARN_RANGE_LOOP_ANALYSIS = YES;
				CLANG_WARN_STRICT_PROTOTYPES = YES;
				CLANG_WARN_SUSPICIOUS_MOVE = YES;
				CLANG_WARN_UNGUARDED_AVAILABILITY = YES_AGGRESSIVE;
				CLANG_WARN_UNREACHABLE_CODE = YES;
				CLANG_WARN__DUPLICATE_METHOD_MATCH = YES;
				COPY_PHASE_STRIP = NO;
				DEBUG_INFORMATION_FORMAT = dwarf;
				ENABLE_STRICT_OBJC_MSGSEND = YES;
				ENABLE_TESTABILITY = YES;
				GCC_C_LANGUAGE_STANDARD = gnu11;
				GCC_DYNAMIC_NO_PIC = NO;
				GCC_NO_COMMON_BLOCKS = YES;
				GCC_OPTIMIZATION_LEVEL = 0;
				GCC_PREPROCESSOR_DEFINITIONS = (
					"$(inherited)",
					"DEBUG=1",
				);
				GCC_WARN_64_TO_32_BIT_CONVERSION = YES;
				GCC_WARN_ABOUT_RETURN_TYPE = YES_ERROR;
				GCC_WARN_UNDECLARED_SELECTOR = YES;
				GCC_WARN_UNINITIALIZED_AUTOS = YES_AGGRESSIVE;
				GCC_WARN_UNUSED_FUNCTION = YES;
				GCC_WARN_UNUSED_VARIABLE = YES;
				IPHONEOS_DEPLOYMENT_TARGET = 17.0;
				MTL_ENABLE_DEBUG_INFO = INCLUDE_SOURCE;
				MTL_FAST_MATH = YES;
				ONLY_ACTIVE_ARCH = YES;
				PRODUCT_NAME = "$(TARGET_NAME)";
				SDKROOT = iphoneos;
				SWIFT_ACTIVE_COMPILATION_CONDITIONS = DEBUG;
				SWIFT_OPTIMIZATION_LEVEL = "-Onone";
				SWIFT_VERSION = 5.0;
			};
			name = Debug;
		};
		500BD211546D4958AB586D13 /* Release */ = {
			isa = XCBuildConfiguration;
			buildSettings = {
				ASSETCATALOG_COMPILER_APPICON_NAME = AppIcon;
				CODE_SIGN_ENTITLEMENTS = FitnessMember/FitnessMember.entitlements;
				CODE_SIGN_IDENTITY = "iPhone Developer";
				CODE_SIGN_STYLE = Automatic;
				DEVELOPMENT_TEAM = ZJP24W38LQ;
				GENERATE_INFOPLIST_FILE = YES;
				INFOPLIST_FILE = "FitnessMember/Info-Additions.plist";
				INFOPLIST_KEY_NSCameraUsageDescription = "gymodo braucht die Kamera, um den QR-Code am Gerät oder am Studioeingang zu scannen.";
				INFOPLIST_KEY_UILaunchScreen_Generation = YES;
				LD_RUNPATH_SEARCH_PATHS = (
					"$(inherited)",
					"@executable_path/Frameworks",
				);
				PRODUCT_BUNDLE_IDENTIFIER = de.gymtaro.member;
				PRODUCT_NAME = FitnessMember;
				SDKROOT = iphoneos;
				SWIFT_VERSION = 6.0;
				TARGETED_DEVICE_FAMILY = 1;
			};
			name = Release;
		};
		D47C74CD28F28E33C13B72B3 /* Release */ = {
			isa = XCBuildConfiguration;
			baseConfigurationReference = 04D2DE954DD4A21DF9C0C586 /* Config.xcconfig */;
			buildSettings = {
				ALWAYS_SEARCH_USER_PATHS = NO;
				CLANG_ANALYZER_NONNULL = YES;
				CLANG_ANALYZER_NUMBER_OBJECT_CONVERSION = YES_AGGRESSIVE;
				CLANG_CXX_LANGUAGE_STANDARD = "gnu++14";
				CLANG_CXX_LIBRARY = "libc++";
				CLANG_ENABLE_MODULES = YES;
				CLANG_ENABLE_OBJC_ARC = YES;
				CLANG_ENABLE_OBJC_WEAK = YES;
				CLANG_WARN_BLOCK_CAPTURE_AUTORELEASING = YES;
				CLANG_WARN_BOOL_CONVERSION = YES;
				CLANG_WARN_COMMA = YES;
				CLANG_WARN_CONSTANT_CONVERSION = YES;
				CLANG_WARN_DEPRECATED_OBJC_IMPLEMENTATIONS = YES;
				CLANG_WARN_DIRECT_OBJC_ISA_USAGE = YES_ERROR;
				CLANG_WARN_DOCUMENTATION_COMMENTS = YES;
				CLANG_WARN_EMPTY_BODY = YES;
				CLANG_WARN_ENUM_CONVERSION = YES;
				CLANG_WARN_INFINITE_RECURSION = YES;
				CLANG_WARN_INT_CONVERSION = YES;
				CLANG_WARN_NON_LITERAL_NULL_CONVERSION = YES;
				CLANG_WARN_OBJC_IMPLICIT_RETAIN_SELF = YES;
				CLANG_WARN_OBJC_LITERAL_CONVERSION = YES;
				CLANG_WARN_OBJC_ROOT_CLASS = YES_ERROR;
				CLANG_WARN_QUOTED_INCLUDE_IN_FRAMEWORK_HEADER = YES;
				CLANG_WARN_RANGE_LOOP_ANALYSIS = YES;
				CLANG_WARN_STRICT_PROTOTYPES = YES;
				CLANG_WARN_SUSPICIOUS_MOVE = YES;
				CLANG_WARN_UNGUARDED_AVAILABILITY = YES_AGGRESSIVE;
				CLANG_WARN_UNREACHABLE_CODE = YES;
				CLANG_WARN__DUPLICATE_METHOD_MATCH = YES;
				COPY_PHASE_STRIP = NO;
				DEBUG_INFORMATION_FORMAT = "dwarf-with-dsym";
				ENABLE_NS_ASSERTIONS = NO;
				ENABLE_STRICT_OBJC_MSGSEND = YES;
				GCC_C_LANGUAGE_STANDARD = gnu11;
				GCC_NO_COMMON_BLOCKS = YES;
				GCC_WARN_64_TO_32_BIT_CONVERSION = YES;
				GCC_WARN_ABOUT_RETURN_TYPE = YES_ERROR;
				GCC_WARN_UNDECLARED_SELECTOR = YES;
				GCC_WARN_UNINITIALIZED_AUTOS = YES_AGGRESSIVE;
				GCC_WARN_UNUSED_FUNCTION = YES;
				GCC_WARN_UNUSED_VARIABLE = YES;
				IPHONEOS_DEPLOYMENT_TARGET = 17.0;
				MTL_ENABLE_DEBUG_INFO = NO;
				MTL_FAST_MATH = YES;
				PRODUCT_NAME = "$(TARGET_NAME)";
				SDKROOT = iphoneos;
				SWIFT_COMPILATION_MODE = wholemodule;
				SWIFT_OPTIMIZATION_LEVEL = "-O";
				SWIFT_VERSION = 5.0;
			};
			name = Release;
		};
		E5F8ACC3B92502BEFBE6E3DE /* Release */ = {
			isa = XCBuildConfiguration;
			buildSettings = {
				BUNDLE_LOADER = "$(TEST_HOST)";
				CODE_SIGN_STYLE = Automatic;
				DEVELOPMENT_TEAM = ZJP24W38LQ;
				GENERATE_INFOPLIST_FILE = YES;
				LD_RUNPATH_SEARCH_PATHS = (
					"$(inherited)",
					"@executable_path/Frameworks",
					"@loader_path/Frameworks",
				);
				PRODUCT_BUNDLE_IDENTIFIER = de.gymtaro.FitnessMemberTests;
				SDKROOT = iphoneos;
				SWIFT_VERSION = 6.0;
				TARGETED_DEVICE_FAMILY = "1,2";
				TEST_HOST = "$(BUILT_PRODUCTS_DIR)/FitnessMember.app/FitnessMember";
			};
			name = Release;
		};
/* End XCBuildConfiguration section */

/* Begin XCConfigurationList section */
		3005FB7C8F34745C9FE342E9 /* Build configuration list for PBXProject "FitnessMember" */ = {
			isa = XCConfigurationList;
			buildConfigurations = (
				432CE56F316EB3FFFD445B88 /* Debug */,
				D47C74CD28F28E33C13B72B3 /* Release */,
			);
			defaultConfigurationIsVisible = 0;
			defaultConfigurationName = Debug;
		};
		4E18C08D77ABFDA3AF448760 /* Build configuration list for PBXNativeTarget "FitnessMemberTests" */ = {
			isa = XCConfigurationList;
			buildConfigurations = (
				3E2595BD9AA81A1715BA67D6 /* Debug */,
				E5F8ACC3B92502BEFBE6E3DE /* Release */,
			);
			defaultConfigurationIsVisible = 0;
			defaultConfigurationName = Debug;
		};
		BB9BCDEC5F8236F277F2DB9C /* Build configuration list for PBXNativeTarget "FitnessMember" */ = {
			isa = XCConfigurationList;
			buildConfigurations = (
				1B182B3E950C62913802912C /* Debug */,
				500BD211546D4958AB586D13 /* Release */,
			);
			defaultConfigurationIsVisible = 0;
			defaultConfigurationName = Debug;
		};
/* End XCConfigurationList section */

/* Begin XCRemoteSwiftPackageReference section */
		E2596F1D42D1BD4F08459270 /* XCRemoteSwiftPackageReference "supabase-swift" */ = {
			isa = XCRemoteSwiftPackageReference;
			repositoryURL = "https://github.com/supabase/supabase-swift";
			requirement = {
				kind = upToNextMajorVersion;
				minimumVersion = 2.0.0;
			};
		};
/* End XCRemoteSwiftPackageReference section */

/* Begin XCSwiftPackageProductDependency section */
		B1DA3D9245AAF15DFFD8CA8F /* Auth */ = {
			isa = XCSwiftPackageProductDependency;
			package = E2596F1D42D1BD4F08459270 /* XCRemoteSwiftPackageReference "supabase-swift" */;
			productName = Auth;
		};
/* End XCSwiftPackageProductDependency section */
	};
	rootObject = 54C11DA5C006FC9D730A1CC2 /* Project object */;
}
